PODS:
  - AdBrixRemastered (1.6.3001)
  - Alamofire (4.9.1)
  - Crashlytics (3.14.0):
    - Fabric (~> 1.10.2)
  - Differentiator (4.0.1)
  - Fabric (1.10.2)
  - FacebookSDK (5.15.1):
    - FacebookSDK/CoreKit (= 5.15.1)
    - FacebookSDK/MarketingKit (= 5.15.1)
  - FacebookSDK/CoreKit (5.15.1):
    - FBSDKCoreKit (~> 5.0)
  - FacebookSDK/MarketingKit (5.15.1):
    - FacebookSDK/CoreKit
    - FBSDKMarketingKit (~> 5.0)
  - FBSDKCoreKit (5.15.1):
    - FBSDKCoreKit/Basics (= 5.15.1)
    - FBSDKCoreKit/Core (= 5.15.1)
  - FBSDKCoreKit/Basics (5.15.1)
  - FBSDKCoreKit/Core (5.15.1):
    - FBSDKCoreKit/Basics
  - FBSDKMarketingKit (5.14.0):
    - FBSDKCoreKit (~> 5.5)
  - Firebase/Analytics (6.16.0):
    - Firebase/Core
  - Firebase/Core (6.16.0):
    - Firebase/CoreOnly
    - FirebaseAnalytics (= 6.2.2)
  - Firebase/CoreOnly (6.16.0):
    - FirebaseCore (= 6.6.1)
  - Firebase/DynamicLinks (6.16.0):
    - Firebase/CoreOnly
    - FirebaseDynamicLinks (~> 4.0.6)
  - Firebase/Messaging (6.16.0):
    - Firebase/CoreOnly
    - FirebaseMessaging (~> 4.2.0)
  - FirebaseAnalytics (6.2.2):
    - FirebaseCore (~> 6.6)
    - FirebaseInstanceID (~> 4.3)
    - GoogleAppMeasurement (= 6.2.2)
    - GoogleUtilities/AppDelegateSwizzler (~> 6.0)
    - GoogleUtilities/MethodSwizzler (~> 6.0)
    - GoogleUtilities/Network (~> 6.0)
    - "GoogleUtilities/NSData+zlib (~> 6.0)"
    - nanopb (= 0.3.9011)
  - FirebaseAnalyticsInterop (1.5.0)
  - FirebaseCore (6.6.1):
    - FirebaseCoreDiagnostics (~> 1.2)
    - FirebaseCoreDiagnosticsInterop (~> 1.2)
    - GoogleUtilities/Environment (~> 6.5)
    - GoogleUtilities/Logger (~> 6.5)
  - FirebaseCoreDiagnostics (1.2.0):
    - FirebaseCoreDiagnosticsInterop (~> 1.2)
    - GoogleDataTransportCCTSupport (~> 1.3)
    - GoogleUtilities/Environment (~> 6.5)
    - GoogleUtilities/Logger (~> 6.5)
    - nanopb (~> 0.3.901)
  - FirebaseCoreDiagnosticsInterop (1.2.0)
  - FirebaseDynamicLinks (4.0.6):
    - FirebaseAnalyticsInterop (~> 1.3)
    - FirebaseCore (~> 6.2)
  - FirebaseInstallations (1.1.0):
    - FirebaseCore (~> 6.6)
    - GoogleUtilities/UserDefaults (~> 6.5)
    - PromisesObjC (~> 1.2)
  - FirebaseInstanceID (4.3.0):
    - FirebaseCore (~> 6.6)
    - FirebaseInstallations (~> 1.0)
    - GoogleUtilities/Environment (~> 6.5)
    - GoogleUtilities/UserDefaults (~> 6.5)
  - FirebaseMessaging (4.2.0):
    - FirebaseAnalyticsInterop (~> 1.5)
    - FirebaseCore (~> 6.6)
    - FirebaseInstanceID (~> 4.3)
    - GoogleUtilities/AppDelegateSwizzler (~> 6.5)
    - GoogleUtilities/Environment (~> 6.5)
    - GoogleUtilities/Reachability (~> 6.5)
    - GoogleUtilities/UserDefaults (~> 6.5)
    - Protobuf (>= 3.9.2, ~> 3.9)
  - GoogleAppMeasurement (6.2.2):
    - GoogleUtilities/AppDelegateSwizzler (~> 6.0)
    - GoogleUtilities/MethodSwizzler (~> 6.0)
    - GoogleUtilities/Network (~> 6.0)
    - "GoogleUtilities/NSData+zlib (~> 6.0)"
    - nanopb (= 0.3.9011)
  - GoogleDataTransport (3.3.1)
  - GoogleDataTransportCCTSupport (1.3.1):
    - GoogleDataTransport (~> 3.3)
    - nanopb (~> 0.3.901)
  - GoogleUtilities/AppDelegateSwizzler (6.5.1):
    - GoogleUtilities/Environment
    - GoogleUtilities/Logger
    - GoogleUtilities/Network
  - GoogleUtilities/Environment (6.5.1)
  - GoogleUtilities/Logger (6.5.1):
    - GoogleUtilities/Environment
  - GoogleUtilities/MethodSwizzler (6.5.1):
    - GoogleUtilities/Logger
  - GoogleUtilities/Network (6.5.1):
    - GoogleUtilities/Logger
    - "GoogleUtilities/NSData+zlib"
    - GoogleUtilities/Reachability
  - "GoogleUtilities/NSData+zlib (6.5.1)"
  - GoogleUtilities/Reachability (6.5.1):
    - GoogleUtilities/Logger
  - GoogleUtilities/UserDefaults (6.5.1):
    - GoogleUtilities/Logger
  - Kingfisher (5.13.0):
    - Kingfisher/Core (= 5.13.0)
  - Kingfisher/Core (5.13.0)
  - lottie-ios (3.1.6)
  - nanopb (0.3.9011):
    - nanopb/decode (= 0.3.9011)
    - nanopb/encode (= 0.3.9011)
  - nanopb/decode (0.3.9011)
  - nanopb/encode (0.3.9011)
  - naveridlogin-sdk-ios (4.1.2)
  - PromisesObjC (1.2.8)
  - Protobuf (3.11.3)
  - ReactorKit (2.0.1):
    - RxSwift (~> 5.0)
  - RxCocoa (5.0.1):
    - RxRelay (~> 5)
    - RxSwift (~> 5)
  - RxDataSources (4.0.1):
    - Differentiator (~> 4.0)
    - RxCocoa (~> 5.0)
    - RxSwift (~> 5.0)
  - RxRelay (5.0.1):
    - RxSwift (~> 5)
  - RxSwift (5.0.1)
  - SearchTextField (1.2.4)
  - SwiftKeychainWrapper (3.4.0)

DEPENDENCIES:
  - AdBrixRemastered
  - Alamofire
  - Crashlytics (~> 3.14.0)
  - Fabric (~> 1.10.2)
  - FacebookSDK
  - Firebase/Analytics
  - Firebase/Core
  - Firebase/DynamicLinks
  - Firebase/Messaging
  - Kingfisher
  - lottie-ios
  - naveridlogin-sdk-ios
  - ReactorKit
  - RxCocoa
  - RxDataSources
  - RxSwift
  - SearchTextField
  - SwiftKeychainWrapper

SPEC REPOS:
  trunk:
    - AdBrixRemastered
    - Alamofire
    - Crashlytics
    - Differentiator
    - Fabric
    - FacebookSDK
    - FBSDKCoreKit
    - FBSDKMarketingKit
    - Firebase
    - FirebaseAnalytics
    - FirebaseAnalyticsInterop
    - FirebaseCore
    - FirebaseCoreDiagnostics
    - FirebaseCoreDiagnosticsInterop
    - FirebaseDynamicLinks
    - FirebaseInstallations
    - FirebaseInstanceID
    - FirebaseMessaging
    - GoogleAppMeasurement
    - GoogleDataTransport
    - GoogleDataTransportCCTSupport
    - GoogleUtilities
    - Kingfisher
    - lottie-ios
    - nanopb
    - naveridlogin-sdk-ios
    - PromisesObjC
    - Protobuf
    - ReactorKit
    - RxCocoa
    - RxDataSources
    - RxRelay
    - RxSwift
    - SearchTextField
    - SwiftKeychainWrapper

SPEC CHECKSUMS:
  AdBrixRemastered: b48fc3363767e0db8f44b4ee366b25044879a8c5
  Alamofire: 85e8a02c69d6020a0d734f6054870d7ecb75cf18
  Crashlytics: 540b7e5f5da5a042647227a5e3ac51d85eed06df
  Differentiator: 886080237d9f87f322641dedbc5be257061b0602
  Fabric: 706c8b8098fff96c33c0db69cbf81f9c551d0d74
  FacebookSDK: 40811aca4741187ac7e6b175f261edee4edfc58a
  FBSDKCoreKit: 1d5acf7c9d7a2f92bb1a242dc60cae5b7adb91df
  FBSDKMarketingKit: b9dd220b38cc613c71d3eb626cd60bc8e938fbb4
  Firebase: 497158b816d0a86fc31babbd05546fcd7e6083ff
  FirebaseAnalytics: cf95d3aab897612783020fbd98401d5366f135ee
  FirebaseAnalyticsInterop: 3f86269c38ae41f47afeb43ebf32a001f58fcdae
  FirebaseCore: 85064903ed6c28e47fec9c7bd149d94ba1b6b6e7
  FirebaseCoreDiagnostics: 5e78803ab276bc5b50340e3c539c06c3de35c649
  FirebaseCoreDiagnosticsInterop: 296e2c5f5314500a850ad0b83e9e7c10b011a850
  FirebaseDynamicLinks: 5ba2a0d46ba1615c6c08819fc964c495ca1d0845
  FirebaseInstallations: 575cd32f2aec0feeb0e44f5d0110a09e5e60b47b
  FirebaseInstanceID: 6668efc1655a4052c083f287a7141f1ead12f9c2
  FirebaseMessaging: 448cf4c727f3c95f4f90816907d67306ba785cfe
  GoogleAppMeasurement: d0560d915abf15e692e8538ba1d58442217b6aff
  GoogleDataTransport: 0048df6388dab1c254799f2a30365b1dffe20422
  GoogleDataTransportCCTSupport: f880d70972efa2ed1be4e9173a0f4c5f3dc2d176
  GoogleUtilities: 06eb53bb579efe7099152735900dd04bf09e7275
  Kingfisher: 0d334cada987fcddbe9b5cec516406e1ee9d4748
  lottie-ios: 85ce835dd8c53e02509f20729fc7d6a4e6645a0a
  nanopb: 18003b5e52dab79db540fe93fe9579f399bd1ccd
  naveridlogin-sdk-ios: cf8afccdb1793d4ecfcd5d46aa8729d8b5058c70
  PromisesObjC: c119f3cd559f50b7ae681fa59dc1acd19173b7e6
  Protobuf: 0e94afe3b47cb11876eb6aee296638711a24bf75
  ReactorKit: a63c5e11e0fd32d59d672e54178b0ed2876b764b
  RxCocoa: e741b9749968e8a143e2b787f1dfbff2b63d0a5c
  RxDataSources: efee07fa4de48477eca0a4611e6d11e2da9c1114
  RxRelay: 89d54507f4fd4d969e6ec1d4bd7f3673640b4640
  RxSwift: e2dc62b366a3adf6a0be44ba9f405efd4c94e0c4
  SearchTextField: 40dc3cc57def5a211f263cac263622c163bbc25a
  SwiftKeychainWrapper: 6fc49fbf7d4a6b0772917acb0e53a1639f6078d6

PODFILE CHECKSUM: cddb1d6307ddde6b8f185ede36b616f05ac41d18

COCOAPODS: 1.8.4
