PODS:
  - Alamofire (4.8.1)
  - lottie-ios (2.5.2)
  - naveridlogin-sdk-ios (4.0.10)
  - SearchTextField (1.2.2)

DEPENDENCIES:
  - Alamofire
  - lottie-ios
  - naveridlogin-sdk-ios
  - SearchTextField

SPEC REPOS:
  https://github.com/cocoapods/specs.git:
    - Alamofire
    - lottie-ios
    - naveridlogin-sdk-ios
    - SearchTextField

SPEC CHECKSUMS:
  Alamofire: 16ce2c353fb72865124ddae8a57c5942388f4f11
  lottie-ios: 3fef45d3fabe63e3c7c2eb603dd64ddfffc73062
  naveridlogin-sdk-ios: b5a31343e7f98bab1a5a37b1bc0af3354ad59d11
  SearchTextField: a0992739d4b05dcbb40fb3a5cc6526bd991bdd23

PODFILE CHECKSUM: f583093057bd8353781e7f74963f3b6242a37815

COCOAPODS: 1.6.0.beta.2
