<?xml version="1.0" encoding="UTF-8"?>
<Scheme
   LastUpgradeVersion = "1010"
   version = "1.3">
   <BuildAction
      parallelizeBuildables = "YES"
      buildImplicitDependencies = "YES">
      <BuildActionEntries>
         <BuildActionEntry
            buildForTesting = "YES"
            buildForRunning = "YES"
            buildForProfiling = "YES"
            buildForArchiving = "YES"
            buildForAnalyzing = "YES">
            <BuildableReference
               BuildableIdentifier = "primary"
               BlueprintIdentifier = "8459289621D09CDD001DF6CC"
               BuildableName = "&#x1109;&#x1173;&#x11a8;&#x1109;&#x1161;&#x11a8;.app"
               BlueprintName = "SsgSag"
               ReferencedContainer = "container:SsgSag.xcodeproj">
            </BuildableReference>
         </BuildActionEntry>
      </BuildActionEntries>
   </BuildAction>
   <TestAction
      buildConfiguration = "Debug"
      selectedDebuggerIdentifier = "Xcode.DebuggerFoundation.Debugger.LLDB"
      selectedLauncherIdentifier = "Xcode.DebuggerFoundation.Launcher.LLDB"
      shouldUseLaunchSchemeArgsEnv = "YES">
      <Testables>
         <TestableReference
            skipped = "NO">
            <BuildableReference
               BuildableIdentifier = "primary"
               BlueprintIdentifier = "841AA5E9227F423400C41574"
               BuildableName = "PosterServiceTest.xctest"
               BlueprintName = "PosterServiceTest"
               ReferencedContainer = "container:SsgSag.xcodeproj">
            </BuildableReference>
         </TestableReference>
         <TestableReference
            skipped = "NO">
            <BuildableReference
               BuildableIdentifier = "primary"
               BlueprintIdentifier = "849278E222742672009EAD91"
               BuildableName = "SsgsagTests.xctest"
               BlueprintName = "SsgsagTests"
               ReferencedContainer = "container:SsgSag.xcodeproj">
            </BuildableReference>
         </TestableReference>
         <TestableReference
            skipped = "NO">
            <BuildableReference
               BuildableIdentifier = "primary"
               BlueprintIdentifier = "845928B821D09CE0001DF6CC"
               BuildableName = "SsgSagUITests.xctest"
               BlueprintName = "SsgSagUITests"
               ReferencedContainer = "container:SsgSag.xcodeproj">
            </BuildableReference>
         </TestableReference>
         <TestableReference
            skipped = "NO">
            <BuildableReference
               BuildableIdentifier = "primary"
               BlueprintIdentifier = "84F3C6DE227F478C0028A2F0"
               BuildableName = "&#x1109;&#x1173;&#x11a8;&#x1109;&#x1161;&#x11a8;Tests.xctest"
               BlueprintName = "&#xc2a5;&#xc0ad;Tests"
               ReferencedContainer = "container:SsgSag.xcodeproj">
            </BuildableReference>
         </TestableReference>
         <TestableReference
            skipped = "NO">
            <BuildableReference
               BuildableIdentifier = "primary"
               BlueprintIdentifier = "84F3C6EC227F47B10028A2F0"
               BuildableName = "ServiceTests.xctest"
               BlueprintName = "ServiceTests"
               ReferencedContainer = "container:SsgSag.xcodeproj">
            </BuildableReference>
         </TestableReference>
         <TestableReference
            skipped = "NO">
            <BuildableReference
               BuildableIdentifier = "primary"
               BlueprintIdentifier = "84F3C6FD227F49560028A2F0"
               BuildableName = "SsgSagTests.xctest"
               BlueprintName = "SsgSagTests"
               ReferencedContainer = "container:SsgSag.xcodeproj">
            </BuildableReference>
         </TestableReference>
      </Testables>
      <MacroExpansion>
         <BuildableReference
            BuildableIdentifier = "primary"
            BlueprintIdentifier = "8459289621D09CDD001DF6CC"
            BuildableName = "&#x1109;&#x1173;&#x11a8;&#x1109;&#x1161;&#x11a8;.app"
            BlueprintName = "SsgSag"
            ReferencedContainer = "container:SsgSag.xcodeproj">
         </BuildableReference>
      </MacroExpansion>
      <AdditionalOptions>
      </AdditionalOptions>
   </TestAction>
   <LaunchAction
      buildConfiguration = "Debug"
      selectedDebuggerIdentifier = "Xcode.DebuggerFoundation.Debugger.LLDB"
      selectedLauncherIdentifier = "Xcode.DebuggerFoundation.Launcher.LLDB"
      launchStyle = "0"
      useCustomWorkingDirectory = "NO"
      ignoresPersistentStateOnLaunch = "NO"
      debugDocumentVersioning = "YES"
      debugServiceExtension = "internal"
      allowLocationSimulation = "YES">
      <BuildableProductRunnable
         runnableDebuggingMode = "0">
         <BuildableReference
            BuildableIdentifier = "primary"
            BlueprintIdentifier = "8459289621D09CDD001DF6CC"
            BuildableName = "&#x1109;&#x1173;&#x11a8;&#x1109;&#x1161;&#x11a8;.app"
            BlueprintName = "SsgSag"
            ReferencedContainer = "container:SsgSag.xcodeproj">
         </BuildableReference>
      </BuildableProductRunnable>
      <AdditionalOptions>
      </AdditionalOptions>
   </LaunchAction>
   <ProfileAction
      buildConfiguration = "Release"
      shouldUseLaunchSchemeArgsEnv = "YES"
      savedToolIdentifier = ""
      useCustomWorkingDirectory = "NO"
      debugDocumentVersioning = "YES">
      <BuildableProductRunnable
         runnableDebuggingMode = "0">
         <BuildableReference
            BuildableIdentifier = "primary"
            BlueprintIdentifier = "8459289621D09CDD001DF6CC"
            BuildableName = "&#x1109;&#x1173;&#x11a8;&#x1109;&#x1161;&#x11a8;.app"
            BlueprintName = "SsgSag"
            ReferencedContainer = "container:SsgSag.xcodeproj">
         </BuildableReference>
      </BuildableProductRunnable>
   </ProfileAction>
   <AnalyzeAction
      buildConfiguration = "Debug">
   </AnalyzeAction>
   <ArchiveAction
      buildConfiguration = "Release"
      revealArchiveInOrganizer = "YES">
   </ArchiveAction>
</Scheme>
