// !$*UTF8*$!
{
	archiveVersion = 1;
	classes = {
	};
	objectVersion = 50;
	objects = {

/* Begin PBXBuildFile section */
		8459289B21D09CDD001DF6CC /* AppDelegate.swift in Sources */ = {isa = PBXBuildFile; fileRef = 8459289A21D09CDD001DF6CC /* AppDelegate.swift */; };
		8459289D21D09CDD001DF6CC /* SwipeVC.swift in Sources */ = {isa = PBXBuildFile; fileRef = 8459289C21D09CDD001DF6CC /* SwipeVC.swift */; };
		845928A321D09CDD001DF6CC /* SsgSag.xcdatamodeld in Sources */ = {isa = PBXBuildFile; fileRef = 845928A121D09CDD001DF6CC /* SsgSag.xcdatamodeld */; };
		845928A521D09CE0001DF6CC /* Assets.xcassets in Resources */ = {isa = PBXBuildFile; fileRef = 845928A421D09CE0001DF6CC /* Assets.xcassets */; };
		845928A821D09CE0001DF6CC /* LaunchScreen.storyboard in Resources */ = {isa = PBXBuildFile; fileRef = 845928A621D09CE0001DF6CC /* LaunchScreen.storyboard */; };
		845928B321D09CE0001DF6CC /* SsgSagTests.swift in Sources */ = {isa = PBXBuildFile; fileRef = 845928B221D09CE0001DF6CC /* SsgSagTests.swift */; };
		845928BE21D09CE0001DF6CC /* SsgSagUITests.swift in Sources */ = {isa = PBXBuildFile; fileRef = 845928BD21D09CE0001DF6CC /* SsgSagUITests.swift */; };
		845928CC21D09D09001DF6CC /* SwipeStoryBoard.storyboard in Resources */ = {isa = PBXBuildFile; fileRef = 845928CB21D09D09001DF6CC /* SwipeStoryBoard.storyboard */; };
		845928D921D09F30001DF6CC /* CalenderVC.swift in Sources */ = {isa = PBXBuildFile; fileRef = 845928D521D09F2F001DF6CC /* CalenderVC.swift */; };
		845928DA21D09F30001DF6CC /* CalenderView.swift in Sources */ = {isa = PBXBuildFile; fileRef = 845928D621D09F2F001DF6CC /* CalenderView.swift */; };
		845928DB21D09F30001DF6CC /* WeekdaysView.swift in Sources */ = {isa = PBXBuildFile; fileRef = 845928D721D09F2F001DF6CC /* WeekdaysView.swift */; };
		845928DC21D09F30001DF6CC /* MonthView.swift in Sources */ = {isa = PBXBuildFile; fileRef = 845928D821D09F2F001DF6CC /* MonthView.swift */; };
		845928E121D20068001DF6CC /* LoginVC.swift in Sources */ = {isa = PBXBuildFile; fileRef = 845928E021D20068001DF6CC /* LoginVC.swift */; };
		845928E321D35F09001DF6CC /* PageViewController.swift in Sources */ = {isa = PBXBuildFile; fileRef = 845928E221D35F09001DF6CC /* PageViewController.swift */; };
		845928E521D38771001DF6CC /* DetailImageSwipeCard.swift in Sources */ = {isa = PBXBuildFile; fileRef = 845928E421D38771001DF6CC /* DetailImageSwipeCard.swift */; };
		845928E721D3877D001DF6CC /* DetailTextSwipeCard.swift in Sources */ = {isa = PBXBuildFile; fileRef = 845928E621D3877D001DF6CC /* DetailTextSwipeCard.swift */; };
		FA25A58221D36EC500C9FC93 /* SegmentedProgressBar.swift in Sources */ = {isa = PBXBuildFile; fileRef = FA25A58121D36EC500C9FC93 /* SegmentedProgressBar.swift */; };
		FA851DE921D3DBBC002065D0 /* SwipeCard.swift in Sources */ = {isa = PBXBuildFile; fileRef = FA851DE821D3DBBC002065D0 /* SwipeCard.swift */; };
/* End PBXBuildFile section */

/* Begin PBXContainerItemProxy section */
		845928AF21D09CE0001DF6CC /* PBXContainerItemProxy */ = {
			isa = PBXContainerItemProxy;
			containerPortal = 8459288F21D09CDD001DF6CC /* Project object */;
			proxyType = 1;
			remoteGlobalIDString = 8459289621D09CDD001DF6CC;
			remoteInfo = SsgSag;
		};
		845928BA21D09CE0001DF6CC /* PBXContainerItemProxy */ = {
			isa = PBXContainerItemProxy;
			containerPortal = 8459288F21D09CDD001DF6CC /* Project object */;
			proxyType = 1;
			remoteGlobalIDString = 8459289621D09CDD001DF6CC;
			remoteInfo = SsgSag;
		};
/* End PBXContainerItemProxy section */

/* Begin PBXFileReference section */
		8459289721D09CDD001DF6CC /* SsgSag.app */ = {isa = PBXFileReference; explicitFileType = wrapper.application; includeInIndex = 0; path = SsgSag.app; sourceTree = BUILT_PRODUCTS_DIR; };
		8459289A21D09CDD001DF6CC /* AppDelegate.swift */ = {isa = PBXFileReference; lastKnownFileType = sourcecode.swift; path = AppDelegate.swift; sourceTree = "<group>"; };
		8459289C21D09CDD001DF6CC /* SwipeVC.swift */ = {isa = PBXFileReference; lastKnownFileType = sourcecode.swift; path = SwipeVC.swift; sourceTree = "<group>"; };
		845928A221D09CDD001DF6CC /* SsgSag.xcdatamodel */ = {isa = PBXFileReference; lastKnownFileType = wrapper.xcdatamodel; path = SsgSag.xcdatamodel; sourceTree = "<group>"; };
		845928A421D09CE0001DF6CC /* Assets.xcassets */ = {isa = PBXFileReference; lastKnownFileType = folder.assetcatalog; path = Assets.xcassets; sourceTree = "<group>"; };
		845928A721D09CE0001DF6CC /* Base */ = {isa = PBXFileReference; lastKnownFileType = file.storyboard; name = Base; path = Base.lproj/LaunchScreen.storyboard; sourceTree = "<group>"; };
		845928A921D09CE0001DF6CC /* Info.plist */ = {isa = PBXFileReference; lastKnownFileType = text.plist.xml; path = Info.plist; sourceTree = "<group>"; };
		845928AE21D09CE0001DF6CC /* SsgSagTests.xctest */ = {isa = PBXFileReference; explicitFileType = wrapper.cfbundle; includeInIndex = 0; path = SsgSagTests.xctest; sourceTree = BUILT_PRODUCTS_DIR; };
		845928B221D09CE0001DF6CC /* SsgSagTests.swift */ = {isa = PBXFileReference; lastKnownFileType = sourcecode.swift; path = SsgSagTests.swift; sourceTree = "<group>"; };
		845928B421D09CE0001DF6CC /* Info.plist */ = {isa = PBXFileReference; lastKnownFileType = text.plist.xml; path = Info.plist; sourceTree = "<group>"; };
		845928B921D09CE0001DF6CC /* SsgSagUITests.xctest */ = {isa = PBXFileReference; explicitFileType = wrapper.cfbundle; includeInIndex = 0; path = SsgSagUITests.xctest; sourceTree = BUILT_PRODUCTS_DIR; };
		845928BD21D09CE0001DF6CC /* SsgSagUITests.swift */ = {isa = PBXFileReference; lastKnownFileType = sourcecode.swift; path = SsgSagUITests.swift; sourceTree = "<group>"; };
		845928BF21D09CE0001DF6CC /* Info.plist */ = {isa = PBXFileReference; lastKnownFileType = text.plist.xml; path = Info.plist; sourceTree = "<group>"; };
		845928CB21D09D09001DF6CC /* SwipeStoryBoard.storyboard */ = {isa = PBXFileReference; fileEncoding = 4; lastKnownFileType = file.storyboard; path = SwipeStoryBoard.storyboard; sourceTree = "<group>"; };
		845928D521D09F2F001DF6CC /* CalenderVC.swift */ = {isa = PBXFileReference; fileEncoding = 4; lastKnownFileType = sourcecode.swift; path = CalenderVC.swift; sourceTree = "<group>"; };
		845928D621D09F2F001DF6CC /* CalenderView.swift */ = {isa = PBXFileReference; fileEncoding = 4; lastKnownFileType = sourcecode.swift; path = CalenderView.swift; sourceTree = "<group>"; };
		845928D721D09F2F001DF6CC /* WeekdaysView.swift */ = {isa = PBXFileReference; fileEncoding = 4; lastKnownFileType = sourcecode.swift; path = WeekdaysView.swift; sourceTree = "<group>"; };
		845928D821D09F2F001DF6CC /* MonthView.swift */ = {isa = PBXFileReference; fileEncoding = 4; lastKnownFileType = sourcecode.swift; path = MonthView.swift; sourceTree = "<group>"; };
		845928E021D20068001DF6CC /* LoginVC.swift */ = {isa = PBXFileReference; lastKnownFileType = sourcecode.swift; path = LoginVC.swift; sourceTree = "<group>"; };
		845928E221D35F09001DF6CC /* PageViewController.swift */ = {isa = PBXFileReference; lastKnownFileType = sourcecode.swift; path = PageViewController.swift; sourceTree = "<group>"; };
		845928E421D38771001DF6CC /* DetailImageSwipeCard.swift */ = {isa = PBXFileReference; lastKnownFileType = sourcecode.swift; path = DetailImageSwipeCard.swift; sourceTree = "<group>"; };
		845928E621D3877D001DF6CC /* DetailTextSwipeCard.swift */ = {isa = PBXFileReference; lastKnownFileType = sourcecode.swift; path = DetailTextSwipeCard.swift; sourceTree = "<group>"; };
		FA25A58121D36EC500C9FC93 /* SegmentedProgressBar.swift */ = {isa = PBXFileReference; lastKnownFileType = sourcecode.swift; path = SegmentedProgressBar.swift; sourceTree = "<group>"; };
		FA851DE821D3DBBC002065D0 /* SwipeCard.swift */ = {isa = PBXFileReference; fileEncoding = 4; lastKnownFileType = sourcecode.swift; path = SwipeCard.swift; sourceTree = "<group>"; };
/* End PBXFileReference section */

/* Begin PBXFrameworksBuildPhase section */
		8459289421D09CDD001DF6CC /* Frameworks */ = {
			isa = PBXFrameworksBuildPhase;
			buildActionMask = 2147483647;
			files = (
			);
			runOnlyForDeploymentPostprocessing = 0;
		};
		845928AB21D09CE0001DF6CC /* Frameworks */ = {
			isa = PBXFrameworksBuildPhase;
			buildActionMask = 2147483647;
			files = (
			);
			runOnlyForDeploymentPostprocessing = 0;
		};
		845928B621D09CE0001DF6CC /* Frameworks */ = {
			isa = PBXFrameworksBuildPhase;
			buildActionMask = 2147483647;
			files = (
			);
			runOnlyForDeploymentPostprocessing = 0;
		};
/* End PBXFrameworksBuildPhase section */

/* Begin PBXGroup section */
		8459288E21D09CDD001DF6CC = {
			isa = PBXGroup;
			children = (
				8459289921D09CDD001DF6CC /* SsgSag */,
				845928B121D09CE0001DF6CC /* SsgSagTests */,
				845928BC21D09CE0001DF6CC /* SsgSagUITests */,
				8459289821D09CDD001DF6CC /* Products */,
			);
			sourceTree = "<group>";
		};
		8459289821D09CDD001DF6CC /* Products */ = {
			isa = PBXGroup;
			children = (
				8459289721D09CDD001DF6CC /* SsgSag.app */,
				845928AE21D09CE0001DF6CC /* SsgSagTests.xctest */,
				845928B921D09CE0001DF6CC /* SsgSagUITests.xctest */,
			);
			name = Products;
			sourceTree = "<group>";
		};
		8459289921D09CDD001DF6CC /* SsgSag */ = {
			isa = PBXGroup;
			children = (
				8459289A21D09CDD001DF6CC /* AppDelegate.swift */,
				845928DE21D20034001DF6CC /* LoginRegister */,
				845928DD21D09F38001DF6CC /* Calendar */,
				FAAFB58721D3B5E5006BF728 /* Swipe */,
				FAAFB58821D3B6B8006BF728 /* Assets */,
				845928A921D09CE0001DF6CC /* Info.plist */,
			);
			path = SsgSag;
			sourceTree = "<group>";
		};
		845928B121D09CE0001DF6CC /* SsgSagTests */ = {
			isa = PBXGroup;
			children = (
				845928B221D09CE0001DF6CC /* SsgSagTests.swift */,
				845928B421D09CE0001DF6CC /* Info.plist */,
			);
			path = SsgSagTests;
			sourceTree = "<group>";
		};
		845928BC21D09CE0001DF6CC /* SsgSagUITests */ = {
			isa = PBXGroup;
			children = (
				845928BD21D09CE0001DF6CC /* SsgSagUITests.swift */,
				845928BF21D09CE0001DF6CC /* Info.plist */,
			);
			path = SsgSagUITests;
			sourceTree = "<group>";
		};
		845928DD21D09F38001DF6CC /* Calendar */ = {
			isa = PBXGroup;
			children = (
				845928D621D09F2F001DF6CC /* CalenderView.swift */,
				845928D821D09F2F001DF6CC /* MonthView.swift */,
				845928D521D09F2F001DF6CC /* CalenderVC.swift */,
				845928D721D09F2F001DF6CC /* WeekdaysView.swift */,
			);
			path = Calendar;
			sourceTree = "<group>";
		};
		845928DE21D20034001DF6CC /* LoginRegister */ = {
			isa = PBXGroup;
			children = (
				845928E021D20068001DF6CC /* LoginVC.swift */,
			);
			path = LoginRegister;
			sourceTree = "<group>";
		};
		FA851DE321D3D807002065D0 /* VC */ = {
			isa = PBXGroup;
			children = (
				8459289C21D09CDD001DF6CC /* SwipeVC.swift */,
				845928E221D35F09001DF6CC /* PageViewController.swift */,
			);
			path = VC;
			sourceTree = "<group>";
		};
		FAAFB58721D3B5E5006BF728 /* Swipe */ = {
			isa = PBXGroup;
			children = (
				FA851DE321D3D807002065D0 /* VC */,
				FA851DE821D3DBBC002065D0 /* SwipeCard.swift */,
				845928E421D38771001DF6CC /* DetailImageSwipeCard.swift */,
				845928E621D3877D001DF6CC /* DetailTextSwipeCard.swift */,
				845928CB21D09D09001DF6CC /* SwipeStoryBoard.storyboard */,
				FA25A58121D36EC500C9FC93 /* SegmentedProgressBar.swift */,
			);
			path = Swipe;
			sourceTree = "<group>";
		};
		FAAFB58821D3B6B8006BF728 /* Assets */ = {
			isa = PBXGroup;
			children = (
				845928A421D09CE0001DF6CC /* Assets.xcassets */,
				845928A621D09CE0001DF6CC /* LaunchScreen.storyboard */,
				845928A121D09CDD001DF6CC /* SsgSag.xcdatamodeld */,
			);
			path = Assets;
			sourceTree = "<group>";
		};
/* End PBXGroup section */

/* Begin PBXNativeTarget section */
		8459289621D09CDD001DF6CC /* SsgSag */ = {
			isa = PBXNativeTarget;
			buildConfigurationList = 845928C221D09CE0001DF6CC /* Build configuration list for PBXNativeTarget "SsgSag" */;
			buildPhases = (
				8459289321D09CDD001DF6CC /* Sources */,
				8459289421D09CDD001DF6CC /* Frameworks */,
				8459289521D09CDD001DF6CC /* Resources */,
			);
			buildRules = (
			);
			dependencies = (
			);
			name = SsgSag;
			productName = SsgSag;
			productReference = 8459289721D09CDD001DF6CC /* SsgSag.app */;
			productType = "com.apple.product-type.application";
		};
		845928AD21D09CE0001DF6CC /* SsgSagTests */ = {
			isa = PBXNativeTarget;
			buildConfigurationList = 845928C521D09CE0001DF6CC /* Build configuration list for PBXNativeTarget "SsgSagTests" */;
			buildPhases = (
				845928AA21D09CE0001DF6CC /* Sources */,
				845928AB21D09CE0001DF6CC /* Frameworks */,
				845928AC21D09CE0001DF6CC /* Resources */,
			);
			buildRules = (
			);
			dependencies = (
				845928B021D09CE0001DF6CC /* PBXTargetDependency */,
			);
			name = SsgSagTests;
			productName = SsgSagTests;
			productReference = 845928AE21D09CE0001DF6CC /* SsgSagTests.xctest */;
			productType = "com.apple.product-type.bundle.unit-test";
		};
		845928B821D09CE0001DF6CC /* SsgSagUITests */ = {
			isa = PBXNativeTarget;
			buildConfigurationList = 845928C821D09CE0001DF6CC /* Build configuration list for PBXNativeTarget "SsgSagUITests" */;
			buildPhases = (
				845928B521D09CE0001DF6CC /* Sources */,
				845928B621D09CE0001DF6CC /* Frameworks */,
				845928B721D09CE0001DF6CC /* Resources */,
			);
			buildRules = (
			);
			dependencies = (
				845928BB21D09CE0001DF6CC /* PBXTargetDependency */,
			);
			name = SsgSagUITests;
			productName = SsgSagUITests;
			productReference = 845928B921D09CE0001DF6CC /* SsgSagUITests.xctest */;
			productType = "com.apple.product-type.bundle.ui-testing";
		};
/* End PBXNativeTarget section */

/* Begin PBXProject section */
		8459288F21D09CDD001DF6CC /* Project object */ = {
			isa = PBXProject;
			attributes = {
				LastSwiftUpdateCheck = 1010;
				LastUpgradeCheck = 1010;
				ORGANIZATIONNAME = wndzlf;
				TargetAttributes = {
					8459289621D09CDD001DF6CC = {
						CreatedOnToolsVersion = 10.1;
					};
					845928AD21D09CE0001DF6CC = {
						CreatedOnToolsVersion = 10.1;
						TestTargetID = 8459289621D09CDD001DF6CC;
					};
					845928B821D09CE0001DF6CC = {
						CreatedOnToolsVersion = 10.1;
						TestTargetID = 8459289621D09CDD001DF6CC;
					};
				};
			};
			buildConfigurationList = 8459289221D09CDD001DF6CC /* Build configuration list for PBXProject "SsgSag" */;
			compatibilityVersion = "Xcode 9.3";
			developmentRegion = en;
			hasScannedForEncodings = 0;
			knownRegions = (
				en,
				Base,
			);
			mainGroup = 8459288E21D09CDD001DF6CC;
			productRefGroup = 8459289821D09CDD001DF6CC /* Products */;
			projectDirPath = "";
			projectRoot = "";
			targets = (
				8459289621D09CDD001DF6CC /* SsgSag */,
				845928AD21D09CE0001DF6CC /* SsgSagTests */,
				845928B821D09CE0001DF6CC /* SsgSagUITests */,
			);
		};
/* End PBXProject section */

/* Begin PBXResourcesBuildPhase section */
		8459289521D09CDD001DF6CC /* Resources */ = {
			isa = PBXResourcesBuildPhase;
			buildActionMask = 2147483647;
			files = (
				845928A821D09CE0001DF6CC /* LaunchScreen.storyboard in Resources */,
				845928A521D09CE0001DF6CC /* Assets.xcassets in Resources */,
				845928CC21D09D09001DF6CC /* SwipeStoryBoard.storyboard in Resources */,
			);
			runOnlyForDeploymentPostprocessing = 0;
		};
		845928AC21D09CE0001DF6CC /* Resources */ = {
			isa = PBXResourcesBuildPhase;
			buildActionMask = 2147483647;
			files = (
			);
			runOnlyForDeploymentPostprocessing = 0;
		};
		845928B721D09CE0001DF6CC /* Resources */ = {
			isa = PBXResourcesBuildPhase;
			buildActionMask = 2147483647;
			files = (
			);
			runOnlyForDeploymentPostprocessing = 0;
		};
/* End PBXResourcesBuildPhase section */

/* Begin PBXSourcesBuildPhase section */
		8459289321D09CDD001DF6CC /* Sources */ = {
			isa = PBXSourcesBuildPhase;
			buildActionMask = 2147483647;
			files = (
				845928DC21D09F30001DF6CC /* MonthView.swift in Sources */,
				8459289D21D09CDD001DF6CC /* SwipeVC.swift in Sources */,
				845928E121D20068001DF6CC /* LoginVC.swift in Sources */,
				845928A321D09CDD001DF6CC /* SsgSag.xcdatamodeld in Sources */,
				FA851DE921D3DBBC002065D0 /* SwipeCard.swift in Sources */,
				845928DA21D09F30001DF6CC /* CalenderView.swift in Sources */,
				845928E721D3877D001DF6CC /* DetailTextSwipeCard.swift in Sources */,
				845928DB21D09F30001DF6CC /* WeekdaysView.swift in Sources */,
				8459289B21D09CDD001DF6CC /* AppDelegate.swift in Sources */,
				845928E321D35F09001DF6CC /* PageViewController.swift in Sources */,
				845928D921D09F30001DF6CC /* CalenderVC.swift in Sources */,
				845928E521D38771001DF6CC /* DetailImageSwipeCard.swift in Sources */,
				FA25A58221D36EC500C9FC93 /* SegmentedProgressBar.swift in Sources */,
			);
			runOnlyForDeploymentPostprocessing = 0;
		};
		845928AA21D09CE0001DF6CC /* Sources */ = {
			isa = PBXSourcesBuildPhase;
			buildActionMask = 2147483647;
			files = (
				845928B321D09CE0001DF6CC /* SsgSagTests.swift in Sources */,
			);
			runOnlyForDeploymentPostprocessing = 0;
		};
		845928B521D09CE0001DF6CC /* Sources */ = {
			isa = PBXSourcesBuildPhase;
			buildActionMask = 2147483647;
			files = (
				845928BE21D09CE0001DF6CC /* SsgSagUITests.swift in Sources */,
			);
			runOnlyForDeploymentPostprocessing = 0;
		};
/* End PBXSourcesBuildPhase section */

/* Begin PBXTargetDependency section */
		845928B021D09CE0001DF6CC /* PBXTargetDependency */ = {
			isa = PBXTargetDependency;
			target = 8459289621D09CDD001DF6CC /* SsgSag */;
			targetProxy = 845928AF21D09CE0001DF6CC /* PBXContainerItemProxy */;
		};
		845928BB21D09CE0001DF6CC /* PBXTargetDependency */ = {
			isa = PBXTargetDependency;
			target = 8459289621D09CDD001DF6CC /* SsgSag */;
			targetProxy = 845928BA21D09CE0001DF6CC /* PBXContainerItemProxy */;
		};
/* End PBXTargetDependency section */

/* Begin PBXVariantGroup section */
		845928A621D09CE0001DF6CC /* LaunchScreen.storyboard */ = {
			isa = PBXVariantGroup;
			children = (
				845928A721D09CE0001DF6CC /* Base */,
			);
			name = LaunchScreen.storyboard;
			sourceTree = "<group>";
		};
/* End PBXVariantGroup section */

/* Begin XCBuildConfiguration section */
		845928C021D09CE0001DF6CC /* Debug */ = {
			isa = XCBuildConfiguration;
			buildSettings = {
				ALWAYS_SEARCH_USER_PATHS = NO;
				CLANG_ANALYZER_NONNULL = YES;
				CLANG_ANALYZER_NUMBER_OBJECT_CONVERSION = YES_AGGRESSIVE;
				CLANG_CXX_LANGUAGE_STANDARD = "gnu++14";
				CLANG_CXX_LIBRARY = "libc++";
				CLANG_ENABLE_MODULES = YES;
				CLANG_ENABLE_OBJC_ARC = YES;
				CLANG_ENABLE_OBJC_WEAK = YES;
				CLANG_WARN_BLOCK_CAPTURE_AUTORELEASING = YES;
				CLANG_WARN_BOOL_CONVERSION = YES;
				CLANG_WARN_COMMA = YES;
				CLANG_WARN_CONSTANT_CONVERSION = YES;
				CLANG_WARN_DEPRECATED_OBJC_IMPLEMENTATIONS = YES;
				CLANG_WARN_DIRECT_OBJC_ISA_USAGE = YES_ERROR;
				CLANG_WARN_DOCUMENTATION_COMMENTS = YES;
				CLANG_WARN_EMPTY_BODY = YES;
				CLANG_WARN_ENUM_CONVERSION = YES;
				CLANG_WARN_INFINITE_RECURSION = YES;
				CLANG_WARN_INT_CONVERSION = YES;
				CLANG_WARN_NON_LITERAL_NULL_CONVERSION = YES;
				CLANG_WARN_OBJC_IMPLICIT_RETAIN_SELF = YES;
				CLANG_WARN_OBJC_LITERAL_CONVERSION = YES;
				CLANG_WARN_OBJC_ROOT_CLASS = YES_ERROR;
				CLANG_WARN_RANGE_LOOP_ANALYSIS = YES;
				CLANG_WARN_STRICT_PROTOTYPES = YES;
				CLANG_WARN_SUSPICIOUS_MOVE = YES;
				CLANG_WARN_UNGUARDED_AVAILABILITY = YES_AGGRESSIVE;
				CLANG_WARN_UNREACHABLE_CODE = YES;
				CLANG_WARN__DUPLICATE_METHOD_MATCH = YES;
				CODE_SIGN_IDENTITY = "iPhone Developer";
				COPY_PHASE_STRIP = NO;
				DEBUG_INFORMATION_FORMAT = dwarf;
				ENABLE_STRICT_OBJC_MSGSEND = YES;
				ENABLE_TESTABILITY = YES;
				GCC_C_LANGUAGE_STANDARD = gnu11;
				GCC_DYNAMIC_NO_PIC = NO;
				GCC_NO_COMMON_BLOCKS = YES;
				GCC_OPTIMIZATION_LEVEL = 0;
				GCC_PREPROCESSOR_DEFINITIONS = (
					"DEBUG=1",
					"$(inherited)",
				);
				GCC_WARN_64_TO_32_BIT_CONVERSION = YES;
				GCC_WARN_ABOUT_RETURN_TYPE = YES_ERROR;
				GCC_WARN_UNDECLARED_SELECTOR = YES;
				GCC_WARN_UNINITIALIZED_AUTOS = YES_AGGRESSIVE;
				GCC_WARN_UNUSED_FUNCTION = YES;
				GCC_WARN_UNUSED_VARIABLE = YES;
				IPHONEOS_DEPLOYMENT_TARGET = 12.1;
				MTL_ENABLE_DEBUG_INFO = INCLUDE_SOURCE;
				MTL_FAST_MATH = YES;
				ONLY_ACTIVE_ARCH = YES;
				SDKROOT = iphoneos;
				SWIFT_ACTIVE_COMPILATION_CONDITIONS = DEBUG;
				SWIFT_OPTIMIZATION_LEVEL = "-Onone";
			};
			name = Debug;
		};
		845928C121D09CE0001DF6CC /* Release */ = {
			isa = XCBuildConfiguration;
			buildSettings = {
				ALWAYS_SEARCH_USER_PATHS = NO;
				CLANG_ANALYZER_NONNULL = YES;
				CLANG_ANALYZER_NUMBER_OBJECT_CONVERSION = YES_AGGRESSIVE;
				CLANG_CXX_LANGUAGE_STANDARD = "gnu++14";
				CLANG_CXX_LIBRARY = "libc++";
				CLANG_ENABLE_MODULES = YES;
				CLANG_ENABLE_OBJC_ARC = YES;
				CLANG_ENABLE_OBJC_WEAK = YES;
				CLANG_WARN_BLOCK_CAPTURE_AUTORELEASING = YES;
				CLANG_WARN_BOOL_CONVERSION = YES;
				CLANG_WARN_COMMA = YES;
				CLANG_WARN_CONSTANT_CONVERSION = YES;
				CLANG_WARN_DEPRECATED_OBJC_IMPLEMENTATIONS = YES;
				CLANG_WARN_DIRECT_OBJC_ISA_USAGE = YES_ERROR;
				CLANG_WARN_DOCUMENTATION_COMMENTS = YES;
				CLANG_WARN_EMPTY_BODY = YES;
				CLANG_WARN_ENUM_CONVERSION = YES;
				CLANG_WARN_INFINITE_RECURSION = YES;
				CLANG_WARN_INT_CONVERSION = YES;
				CLANG_WARN_NON_LITERAL_NULL_CONVERSION = YES;
				CLANG_WARN_OBJC_IMPLICIT_RETAIN_SELF = YES;
				CLANG_WARN_OBJC_LITERAL_CONVERSION = YES;
				CLANG_WARN_OBJC_ROOT_CLASS = YES_ERROR;
				CLANG_WARN_RANGE_LOOP_ANALYSIS = YES;
				CLANG_WARN_STRICT_PROTOTYPES = YES;
				CLANG_WARN_SUSPICIOUS_MOVE = YES;
				CLANG_WARN_UNGUARDED_AVAILABILITY = YES_AGGRESSIVE;
				CLANG_WARN_UNREACHABLE_CODE = YES;
				CLANG_WARN__DUPLICATE_METHOD_MATCH = YES;
				CODE_SIGN_IDENTITY = "iPhone Developer";
				COPY_PHASE_STRIP = NO;
				DEBUG_INFORMATION_FORMAT = "dwarf-with-dsym";
				ENABLE_NS_ASSERTIONS = NO;
				ENABLE_STRICT_OBJC_MSGSEND = YES;
				GCC_C_LANGUAGE_STANDARD = gnu11;
				GCC_NO_COMMON_BLOCKS = YES;
				GCC_WARN_64_TO_32_BIT_CONVERSION = YES;
				GCC_WARN_ABOUT_RETURN_TYPE = YES_ERROR;
				GCC_WARN_UNDECLARED_SELECTOR = YES;
				GCC_WARN_UNINITIALIZED_AUTOS = YES_AGGRESSIVE;
				GCC_WARN_UNUSED_FUNCTION = YES;
				GCC_WARN_UNUSED_VARIABLE = YES;
				IPHONEOS_DEPLOYMENT_TARGET = 12.1;
				MTL_ENABLE_DEBUG_INFO = NO;
				MTL_FAST_MATH = YES;
				SDKROOT = iphoneos;
				SWIFT_COMPILATION_MODE = wholemodule;
				SWIFT_OPTIMIZATION_LEVEL = "-O";
				VALIDATE_PRODUCT = YES;
			};
			name = Release;
		};
		845928C321D09CE0001DF6CC /* Debug */ = {
			isa = XCBuildConfiguration;
			buildSettings = {
				ASSETCATALOG_COMPILER_APPICON_NAME = AppIcon;
				CODE_SIGN_STYLE = Automatic;
				DEVELOPMENT_TEAM = 43FKD7C656;
				INFOPLIST_FILE = SsgSag/Info.plist;
				IPHONEOS_DEPLOYMENT_TARGET = 12.0;
				LD_RUNPATH_SEARCH_PATHS = (
					"$(inherited)",
					"@executable_path/Frameworks",
				);
				PRODUCT_BUNDLE_IDENTIFIER = com.wndzlf.SsgSag;
				PRODUCT_NAME = "$(TARGET_NAME)";
				SWIFT_VERSION = 4.2;
				TARGETED_DEVICE_FAMILY = "1,2";
			};
			name = Debug;
		};
		845928C421D09CE0001DF6CC /* Release */ = {
			isa = XCBuildConfiguration;
			buildSettings = {
				ASSETCATALOG_COMPILER_APPICON_NAME = AppIcon;
				CODE_SIGN_STYLE = Automatic;
				DEVELOPMENT_TEAM = 43FKD7C656;
				INFOPLIST_FILE = SsgSag/Info.plist;
				IPHONEOS_DEPLOYMENT_TARGET = 12.0;
				LD_RUNPATH_SEARCH_PATHS = (
					"$(inherited)",
					"@executable_path/Frameworks",
				);
				PRODUCT_BUNDLE_IDENTIFIER = com.wndzlf.SsgSag;
				PRODUCT_NAME = "$(TARGET_NAME)";
				SWIFT_VERSION = 4.2;
				TARGETED_DEVICE_FAMILY = "1,2";
			};
			name = Release;
		};
		845928C621D09CE0001DF6CC /* Debug */ = {
			isa = XCBuildConfiguration;
			buildSettings = {
				ALWAYS_EMBED_SWIFT_STANDARD_LIBRARIES = YES;
				BUNDLE_LOADER = "$(TEST_HOST)";
				CODE_SIGN_STYLE = Automatic;
				INFOPLIST_FILE = SsgSagTests/Info.plist;
				LD_RUNPATH_SEARCH_PATHS = (
					"$(inherited)",
					"@executable_path/Frameworks",
					"@loader_path/Frameworks",
				);
				PRODUCT_BUNDLE_IDENTIFIER = com.wndzlf.SsgSagTests;
				PRODUCT_NAME = "$(TARGET_NAME)";
				SWIFT_VERSION = 4.2;
				TARGETED_DEVICE_FAMILY = "1,2";
				TEST_HOST = "$(BUILT_PRODUCTS_DIR)/SsgSag.app/SsgSag";
			};
			name = Debug;
		};
		845928C721D09CE0001DF6CC /* Release */ = {
			isa = XCBuildConfiguration;
			buildSettings = {
				ALWAYS_EMBED_SWIFT_STANDARD_LIBRARIES = YES;
				BUNDLE_LOADER = "$(TEST_HOST)";
				CODE_SIGN_STYLE = Automatic;
				INFOPLIST_FILE = SsgSagTests/Info.plist;
				LD_RUNPATH_SEARCH_PATHS = (
					"$(inherited)",
					"@executable_path/Frameworks",
					"@loader_path/Frameworks",
				);
				PRODUCT_BUNDLE_IDENTIFIER = com.wndzlf.SsgSagTests;
				PRODUCT_NAME = "$(TARGET_NAME)";
				SWIFT_VERSION = 4.2;
				TARGETED_DEVICE_FAMILY = "1,2";
				TEST_HOST = "$(BUILT_PRODUCTS_DIR)/SsgSag.app/SsgSag";
			};
			name = Release;
		};
		845928C921D09CE0001DF6CC /* Debug */ = {
			isa = XCBuildConfiguration;
			buildSettings = {
				ALWAYS_EMBED_SWIFT_STANDARD_LIBRARIES = YES;
				CODE_SIGN_STYLE = Automatic;
				INFOPLIST_FILE = SsgSagUITests/Info.plist;
				LD_RUNPATH_SEARCH_PATHS = (
					"$(inherited)",
					"@executable_path/Frameworks",
					"@loader_path/Frameworks",
				);
				PRODUCT_BUNDLE_IDENTIFIER = com.wndzlf.SsgSagUITests;
				PRODUCT_NAME = "$(TARGET_NAME)";
				SWIFT_VERSION = 4.2;
				TARGETED_DEVICE_FAMILY = "1,2";
				TEST_TARGET_NAME = SsgSag;
			};
			name = Debug;
		};
		845928CA21D09CE0001DF6CC /* Release */ = {
			isa = XCBuildConfiguration;
			buildSettings = {
				ALWAYS_EMBED_SWIFT_STANDARD_LIBRARIES = YES;
				CODE_SIGN_STYLE = Automatic;
				INFOPLIST_FILE = SsgSagUITests/Info.plist;
				LD_RUNPATH_SEARCH_PATHS = (
					"$(inherited)",
					"@executable_path/Frameworks",
					"@loader_path/Frameworks",
				);
				PRODUCT_BUNDLE_IDENTIFIER = com.wndzlf.SsgSagUITests;
				PRODUCT_NAME = "$(TARGET_NAME)";
				SWIFT_VERSION = 4.2;
				TARGETED_DEVICE_FAMILY = "1,2";
				TEST_TARGET_NAME = SsgSag;
			};
			name = Release;
		};
/* End XCBuildConfiguration section */

/* Begin XCConfigurationList section */
		8459289221D09CDD001DF6CC /* Build configuration list for PBXProject "SsgSag" */ = {
			isa = XCConfigurationList;
			buildConfigurations = (
				845928C021D09CE0001DF6CC /* Debug */,
				845928C121D09CE0001DF6CC /* Release */,
			);
			defaultConfigurationIsVisible = 0;
			defaultConfigurationName = Release;
		};
		845928C221D09CE0001DF6CC /* Build configuration list for PBXNativeTarget "SsgSag" */ = {
			isa = XCConfigurationList;
			buildConfigurations = (
				845928C321D09CE0001DF6CC /* Debug */,
				845928C421D09CE0001DF6CC /* Release */,
			);
			defaultConfigurationIsVisible = 0;
			defaultConfigurationName = Release;
		};
		845928C521D09CE0001DF6CC /* Build configuration list for PBXNativeTarget "SsgSagTests" */ = {
			isa = XCConfigurationList;
			buildConfigurations = (
				845928C621D09CE0001DF6CC /* Debug */,
				845928C721D09CE0001DF6CC /* Release */,
			);
			defaultConfigurationIsVisible = 0;
			defaultConfigurationName = Release;
		};
		845928C821D09CE0001DF6CC /* Build configuration list for PBXNativeTarget "SsgSagUITests" */ = {
			isa = XCConfigurationList;
			buildConfigurations = (
				845928C921D09CE0001DF6CC /* Debug */,
				845928CA21D09CE0001DF6CC /* Release */,
			);
			defaultConfigurationIsVisible = 0;
			defaultConfigurationName = Release;
		};
/* End XCConfigurationList section */

/* Begin XCVersionGroup section */
		845928A121D09CDD001DF6CC /* SsgSag.xcdatamodeld */ = {
			isa = XCVersionGroup;
			children = (
				845928A221D09CDD001DF6CC /* SsgSag.xcdatamodel */,
			);
			currentVersion = 845928A221D09CDD001DF6CC /* SsgSag.xcdatamodel */;
			path = SsgSag.xcdatamodeld;
			sourceTree = "<group>";
			versionGroupType = wrapper.xcdatamodel;
		};
/* End XCVersionGroup section */
	};
	rootObject = 8459288F21D09CDD001DF6CC /* Project object */;
}
