// !$*UTF8*$!
{
	archiveVersion = 1;
	classes = {
	};
	objectVersion = 50;
	objects = {

/* Begin PBXBuildFile section */
		1C3CD9527488A3036C7D035F /* Pods_SsgSag.framework in Frameworks */ = {isa = PBXBuildFile; fileRef = 1E73B2D58130421AD8914636 /* Pods_SsgSag.framework */; };
		2452C131601AAC033C5B69D6 /* Pods_SsgSagTests.framework in Frameworks */ = {isa = PBXBuildFile; fileRef = 476B5599333568A94C71406C /* Pods_SsgSagTests.framework */; };
		8406BB7D220E9EE80065B180 /* Event.swift in Sources */ = {isa = PBXBuildFile; fileRef = 8406BB7C220E9EE80065B180 /* Event.swift */; };
		840FEDC122074F6F00581A3B /* DayCollectionViewCell.swift in Sources */ = {isa = PBXBuildFile; fileRef = 840FEDC022074F6F00581A3B /* DayCollectionViewCell.swift */; };
		840FEDC32207500E00581A3B /* CalendarColor.swift in Sources */ = {isa = PBXBuildFile; fileRef = 840FEDC22207500E00581A3B /* CalendarColor.swift */; };
		840FEDC52207569D00581A3B /* CalendarView + extension.swift in Sources */ = {isa = PBXBuildFile; fileRef = 840FEDC42207569D00581A3B /* CalendarView + extension.swift */; };
		840FEDC7220759E200581A3B /* CalenderVC + TableView.swift in Sources */ = {isa = PBXBuildFile; fileRef = 840FEDC6220759E200581A3B /* CalenderVC + TableView.swift */; };
		8415586421D8D96900A0EDB5 /* SwipeCardDelegate.swift in Sources */ = {isa = PBXBuildFile; fileRef = 8415586321D8D96900A0EDB5 /* SwipeCardDelegate.swift */; };
		84264BA621DF0FF300849E6B /* Calendar.storyboard in Resources */ = {isa = PBXBuildFile; fileRef = 84264BA521DF0FF300849E6B /* Calendar.storyboard */; };
		84264BA821DF106C00849E6B /* CalendarDetailVC.swift in Sources */ = {isa = PBXBuildFile; fileRef = 84264BA721DF106C00849E6B /* CalendarDetailVC.swift */; };
		84264BAA21DF109200849E6B /* AddPassiveDateVC.swift in Sources */ = {isa = PBXBuildFile; fileRef = 84264BA921DF109200849E6B /* AddPassiveDateVC.swift */; };
		842C618521DCDC92001BA6D8 /* SignupCompleteVC.swift in Sources */ = {isa = PBXBuildFile; fileRef = 842C618421DCDC92001BA6D8 /* SignupCompleteVC.swift */; };
		842C619D21DD1807001BA6D8 /* posterData.swift in Sources */ = {isa = PBXBuildFile; fileRef = 842C619A21DD1807001BA6D8 /* posterData.swift */; };
		842C619E21DD1807001BA6D8 /* Json4Swift_Base.swift in Sources */ = {isa = PBXBuildFile; fileRef = 842C619B21DD1807001BA6D8 /* Json4Swift_Base.swift */; };
		842C619F21DD1807001BA6D8 /* Posters.swift in Sources */ = {isa = PBXBuildFile; fileRef = 842C619C21DD1807001BA6D8 /* Posters.swift */; };
		8459289B21D09CDD001DF6CC /* AppDelegate.swift in Sources */ = {isa = PBXBuildFile; fileRef = 8459289A21D09CDD001DF6CC /* AppDelegate.swift */; };
		8459289D21D09CDD001DF6CC /* SwipeVC.swift in Sources */ = {isa = PBXBuildFile; fileRef = 8459289C21D09CDD001DF6CC /* SwipeVC.swift */; };
		845928A321D09CDD001DF6CC /* SsgSag.xcdatamodeld in Sources */ = {isa = PBXBuildFile; fileRef = 845928A121D09CDD001DF6CC /* SsgSag.xcdatamodeld */; };
		845928A521D09CE0001DF6CC /* Assets.xcassets in Resources */ = {isa = PBXBuildFile; fileRef = 845928A421D09CE0001DF6CC /* Assets.xcassets */; };
		845928B321D09CE0001DF6CC /* SsgSagTests.swift in Sources */ = {isa = PBXBuildFile; fileRef = 845928B221D09CE0001DF6CC /* SsgSagTests.swift */; };
		845928BE21D09CE0001DF6CC /* SsgSagUITests.swift in Sources */ = {isa = PBXBuildFile; fileRef = 845928BD21D09CE0001DF6CC /* SsgSagUITests.swift */; };
		845928CC21D09D09001DF6CC /* SwipeStoryBoard.storyboard in Resources */ = {isa = PBXBuildFile; fileRef = 845928CB21D09D09001DF6CC /* SwipeStoryBoard.storyboard */; };
		845928D921D09F30001DF6CC /* CalenderVC.swift in Sources */ = {isa = PBXBuildFile; fileRef = 845928D521D09F2F001DF6CC /* CalenderVC.swift */; };
		845928DA21D09F30001DF6CC /* CalenderView.swift in Sources */ = {isa = PBXBuildFile; fileRef = 845928D621D09F2F001DF6CC /* CalenderView.swift */; };
		845928DB21D09F30001DF6CC /* WeekdaysView.swift in Sources */ = {isa = PBXBuildFile; fileRef = 845928D721D09F2F001DF6CC /* WeekdaysView.swift */; };
		845928DC21D09F30001DF6CC /* MonthView.swift in Sources */ = {isa = PBXBuildFile; fileRef = 845928D821D09F2F001DF6CC /* MonthView.swift */; };
		845928E121D20068001DF6CC /* LoginVC.swift in Sources */ = {isa = PBXBuildFile; fileRef = 845928E021D20068001DF6CC /* LoginVC.swift */; };
		845928E321D35F09001DF6CC /* PageViewController.swift in Sources */ = {isa = PBXBuildFile; fileRef = 845928E221D35F09001DF6CC /* PageViewController.swift */; };
		845928E521D38771001DF6CC /* DetailImageSwipeCard.swift in Sources */ = {isa = PBXBuildFile; fileRef = 845928E421D38771001DF6CC /* DetailImageSwipeCard.swift */; };
		845928E721D3877D001DF6CC /* DetailTextSwipeCard.swift in Sources */ = {isa = PBXBuildFile; fileRef = 845928E621D3877D001DF6CC /* DetailTextSwipeCard.swift */; };
		84604F232205A0ED00212A00 /* todoCell.swift in Sources */ = {isa = PBXBuildFile; fileRef = 84604F222205A0ED00212A00 /* todoCell.swift */; };
		84A8AF2E22006FEB00CE72F8 /* KakaoOpenSDK.framework in Frameworks */ = {isa = PBXBuildFile; fileRef = 84A8AF2D22006FEB00CE72F8 /* KakaoOpenSDK.framework */; };
		84B4268A21E9063600B44F71 /* bt_save_round.json in Resources */ = {isa = PBXBuildFile; fileRef = 84B4268921E9063600B44F71 /* bt_save_round.json */; };
		84B4268C21E9091D00B44F71 /* main_empty_hifive.json in Resources */ = {isa = PBXBuildFile; fileRef = 84B4268B21E9091C00B44F71 /* main_empty_hifive.json */; };
		84BA694921DB394800BA8CB8 /* myPageVC.swift in Sources */ = {isa = PBXBuildFile; fileRef = 84BA694821DB394800BA8CB8 /* myPageVC.swift */; };
		84BA694B21DB395400BA8CB8 /* MyPageStoryBoard.storyboard in Resources */ = {isa = PBXBuildFile; fileRef = 84BA694A21DB395400BA8CB8 /* MyPageStoryBoard.storyboard */; };
		84BA694D21DB74BD00BA8CB8 /* TapbarVC.swift in Sources */ = {isa = PBXBuildFile; fileRef = 84BA694C21DB74BD00BA8CB8 /* TapbarVC.swift */; };
		84E19CD221DCC922006F72EC /* Requestable.swift in Sources */ = {isa = PBXBuildFile; fileRef = 84E19CCC21DCC922006F72EC /* Requestable.swift */; };
		84E19CD321DCC922006F72EC /* UserService.swift in Sources */ = {isa = PBXBuildFile; fileRef = 84E19CCD21DCC922006F72EC /* UserService.swift */; };
		84E19CD421DCC922006F72EC /* APIManager.swift in Sources */ = {isa = PBXBuildFile; fileRef = 84E19CCE21DCC922006F72EC /* APIManager.swift */; };
		84E19CD521DCC922006F72EC /* LoginService.swift in Sources */ = {isa = PBXBuildFile; fileRef = 84E19CCF21DCC922006F72EC /* LoginService.swift */; };
		84E19CD621DCC922006F72EC /* NetworkResult.swift in Sources */ = {isa = PBXBuildFile; fileRef = 84E19CD021DCC922006F72EC /* NetworkResult.swift */; };
		84E19CDE21DCC977006F72EC /* ResponseArray.swift in Sources */ = {isa = PBXBuildFile; fileRef = 84E19CD921DCC977006F72EC /* ResponseArray.swift */; };
		84E19CE021DCC977006F72EC /* User.swift in Sources */ = {isa = PBXBuildFile; fileRef = 84E19CDB21DCC977006F72EC /* User.swift */; };
		84E19CE121DCC977006F72EC /* ResponseObject.swift in Sources */ = {isa = PBXBuildFile; fileRef = 84E19CDC21DCC977006F72EC /* ResponseObject.swift */; };
		84E19CE221DCC977006F72EC /* Token.swift in Sources */ = {isa = PBXBuildFile; fileRef = 84E19CDD21DCC977006F72EC /* Token.swift */; };
		84E19CE421DCC9F4006F72EC /* LoginStoryBoard.storyboard in Resources */ = {isa = PBXBuildFile; fileRef = 84E19CE321DCC9F4006F72EC /* LoginStoryBoard.storyboard */; };
		84E4EFCB21E516970051F6E6 /* Welcome.swift in Sources */ = {isa = PBXBuildFile; fileRef = 84E4EFCA21E516970051F6E6 /* Welcome.swift */; };
		EA8CE4F2272B4D18160BB1AF /* Pods_SsgSagUITests.framework in Frameworks */ = {isa = PBXBuildFile; fileRef = D4105A14D5565112ED500215 /* Pods_SsgSagUITests.framework */; };
		FA23A93F21DF6FCF003DB5F9 /* myPageTableViewCell.swift in Sources */ = {isa = PBXBuildFile; fileRef = FA23A93D21DF6FCF003DB5F9 /* myPageTableViewCell.swift */; };
		FA25A58221D36EC500C9FC93 /* SegmentedProgressBar.swift in Sources */ = {isa = PBXBuildFile; fileRef = FA25A58121D36EC500C9FC93 /* SegmentedProgressBar.swift */; };
		FA3A342021E5127700668908 /* UserAPI.swift in Sources */ = {isa = PBXBuildFile; fileRef = FA3A341F21E5127700668908 /* UserAPI.swift */; };
		FA3A342221E5D64300668908 /* UserInfoVC.swift in Sources */ = {isa = PBXBuildFile; fileRef = FA3A342121E5D64300668908 /* UserInfoVC.swift */; };
		FA3A344221E7285C00668908 /* ConfirmProfileVC.swift in Sources */ = {isa = PBXBuildFile; fileRef = FA3A344121E7285C00668908 /* ConfirmProfileVC.swift */; };
		FA3A344421E72F5200668908 /* SchoolInfoVC.swift in Sources */ = {isa = PBXBuildFile; fileRef = FA3A344321E72F5200668908 /* SchoolInfoVC.swift */; };
		FA3A8FD721DF3C3B0075A510 /* Splash.storyboard in Resources */ = {isa = PBXBuildFile; fileRef = FA3A8FD621DF3C3B0075A510 /* Splash.storyboard */; };
		FA3A8FD921DF3D5F0075A510 /* Extension.swift in Sources */ = {isa = PBXBuildFile; fileRef = FA3A8FD821DF3D5F0075A510 /* Extension.swift */; };
		FA3A8FDB21DF3F410075A510 /* SplashVC.swift in Sources */ = {isa = PBXBuildFile; fileRef = FA3A8FDA21DF3F410075A510 /* SplashVC.swift */; };
		FA524BF121D64E2400675289 /* SignupStoryBoard.storyboard in Resources */ = {isa = PBXBuildFile; fileRef = FA524BF021D64E2400675289 /* SignupStoryBoard.storyboard */; };
		FA5A87F421E7D51D008C2C41 /* Career.swift in Sources */ = {isa = PBXBuildFile; fileRef = FA5A87F321E7D51D008C2C41 /* Career.swift */; };
		FA5A882321E908DF008C2C41 /* Intro.storyboard in Resources */ = {isa = PBXBuildFile; fileRef = FA5A882221E908DE008C2C41 /* Intro.storyboard */; };
		FA5FC0B72205964C00CB83C8 /* CalenderView + CollectionView.swift in Sources */ = {isa = PBXBuildFile; fileRef = FA5FC0B62205964C00CB83C8 /* CalenderView + CollectionView.swift */; };
		FA5FC0B92205A3F800CB83C8 /* DotView.xib in Resources */ = {isa = PBXBuildFile; fileRef = FA5FC0B82205A3F800CB83C8 /* DotView.xib */; };
		FA5FC0BB2205A48500CB83C8 /* DotView.swift in Sources */ = {isa = PBXBuildFile; fileRef = FA5FC0BA2205A48500CB83C8 /* DotView.swift */; };
		FA61FE0F21E0E3D300A28947 /* JobVC.swift in Sources */ = {isa = PBXBuildFile; fileRef = FA61FE0E21E0E3D300A28947 /* JobVC.swift */; };
		FA61FE1121E0E4A200A28947 /* PreferenceVC.swift in Sources */ = {isa = PBXBuildFile; fileRef = FA61FE1021E0E4A200A28947 /* PreferenceVC.swift */; };
		FA61FE1321E1D48D00A28947 /* .gitignore in Resources */ = {isa = PBXBuildFile; fileRef = FA61FE1221E1D48D00A28947 /* .gitignore */; };
		FA61FE1921E204F300A28947 /* DatePickerPopUpVC.swift in Sources */ = {isa = PBXBuildFile; fileRef = FA61FE1821E204F300A28947 /* DatePickerPopUpVC.swift */; };
		FA7F4CB821DFB0C100D8643A /* CareerVC.swift in Sources */ = {isa = PBXBuildFile; fileRef = FA7F4CB721DFB0C100D8643A /* CareerVC.swift */; };
		FA7F4CBB21DFC7E700D8643A /* CustomCareerCell.swift in Sources */ = {isa = PBXBuildFile; fileRef = FA7F4CB921DFC7E700D8643A /* CustomCareerCell.swift */; };
		FA7F4CBC21DFC7E700D8643A /* CustomCareerCell.xib in Resources */ = {isa = PBXBuildFile; fileRef = FA7F4CBA21DFC7E700D8643A /* CustomCareerCell.xib */; };
		FA7F4CC021DFCAF200D8643A /* ActivityCell.xib in Resources */ = {isa = PBXBuildFile; fileRef = FA7F4CBE21DFCAF200D8643A /* ActivityCell.xib */; };
		FA7F4CC421DFCB1300D8643A /* PrizeCell.xib in Resources */ = {isa = PBXBuildFile; fileRef = FA7F4CC221DFCB1300D8643A /* PrizeCell.xib */; };
		FA7F4CC821DFCC7E00D8643A /* CertificationCell.xib in Resources */ = {isa = PBXBuildFile; fileRef = FA7F4CC621DFCC7E00D8643A /* CertificationCell.xib */; };
		FA7F4CCA21DFD61300D8643A /* ActivityCell.swift in Sources */ = {isa = PBXBuildFile; fileRef = FA7F4CC921DFD61300D8643A /* ActivityCell.swift */; };
		FA7F4CD221E0A0A000D8643A /* AddActivityVC.swift in Sources */ = {isa = PBXBuildFile; fileRef = FA7F4CD121E0A0A000D8643A /* AddActivityVC.swift */; };
		FA7F4CD421E0A0BB00D8643A /* AddVC.swift in Sources */ = {isa = PBXBuildFile; fileRef = FA7F4CD321E0A0BB00D8643A /* AddVC.swift */; };
		FA806B9A22060A8F00EB38D6 /* categoryColor.swift in Sources */ = {isa = PBXBuildFile; fileRef = FA806B9922060A8F00EB38D6 /* categoryColor.swift */; };
		FA806B9C2206F3E100EB38D6 /* LineView.xib in Resources */ = {isa = PBXBuildFile; fileRef = FA806B9B2206F3E100EB38D6 /* LineView.xib */; };
		FA806B9E2206F70900EB38D6 /* LineView.swift in Sources */ = {isa = PBXBuildFile; fileRef = FA806B9D2206F70900EB38D6 /* LineView.swift */; };
		FA851DE921D3DBBC002065D0 /* SwipeCard.swift in Sources */ = {isa = PBXBuildFile; fileRef = FA851DE821D3DBBC002065D0 /* SwipeCard.swift */; };
		FA851DED21D5FDB0002065D0 /* SwipeModel.swift in Sources */ = {isa = PBXBuildFile; fileRef = FA851DEC21D5FDB0002065D0 /* SwipeModel.swift */; };
		FAA2386721FF32B400C6DB13 /* ZoomPosterImageVC.swift in Sources */ = {isa = PBXBuildFile; fileRef = FAA2386621FF32B400C6DB13 /* ZoomPosterImageVC.swift */; };
		FAA2386F2202F34A00C6DB13 /* CareerVC + TableView.swift in Sources */ = {isa = PBXBuildFile; fileRef = FAA2386E2202F34A00C6DB13 /* CareerVC + TableView.swift */; };
		FAA238712202F37C00C6DB13 /* CareerVC + CollectionView.swift in Sources */ = {isa = PBXBuildFile; fileRef = FAA238702202F37C00C6DB13 /* CareerVC + CollectionView.swift */; };
		FAA238752203179F00C6DB13 /* Careers.swift in Sources */ = {isa = PBXBuildFile; fileRef = FAA238742203179F00C6DB13 /* Careers.swift */; };
		FAA238792203296500C6DB13 /* NonActivityCell.swift in Sources */ = {isa = PBXBuildFile; fileRef = FAA238782203296500C6DB13 /* NonActivityCell.swift */; };
		FAD25C132212CD78004B45E2 /* LoginPopUpVC.swift in Sources */ = {isa = PBXBuildFile; fileRef = FAD25C122212CD78004B45E2 /* LoginPopUpVC.swift */; };
		FAD323DB21E36FA6000C4FBA /* AddCertificationVC.swift in Sources */ = {isa = PBXBuildFile; fileRef = FAD323DA21E36FA6000C4FBA /* AddCertificationVC.swift */; };
		FAF0DF0021E948AB003F341F /* UserModel.swift in Sources */ = {isa = PBXBuildFile; fileRef = FAF0DEFF21E948AB003F341F /* UserModel.swift */; };
		FAF0DF0321E95B5A003F341F /* splash.json in Resources */ = {isa = PBXBuildFile; fileRef = FAF0DF0221E95B5A003F341F /* splash.json */; };
		FAFB87D222145ABE002CDED9 /* NetworkManager.swift in Sources */ = {isa = PBXBuildFile; fileRef = FAFB87D122145ABE002CDED9 /* NetworkManager.swift */; };
		FAFB87D822159F83002CDED9 /* univList.json in Resources */ = {isa = PBXBuildFile; fileRef = FAFB87D622159F83002CDED9 /* univList.json */; };
		FAFB87DE2215ABBF002CDED9 /* majorList.json in Resources */ = {isa = PBXBuildFile; fileRef = FAFB87DD2215ABBF002CDED9 /* majorList.json */; };
/* End PBXBuildFile section */

/* Begin PBXContainerItemProxy section */
		845928AF21D09CE0001DF6CC /* PBXContainerItemProxy */ = {
			isa = PBXContainerItemProxy;
			containerPortal = 8459288F21D09CDD001DF6CC /* Project object */;
			proxyType = 1;
			remoteGlobalIDString = 8459289621D09CDD001DF6CC;
			remoteInfo = SsgSag;
		};
		845928BA21D09CE0001DF6CC /* PBXContainerItemProxy */ = {
			isa = PBXContainerItemProxy;
			containerPortal = 8459288F21D09CDD001DF6CC /* Project object */;
			proxyType = 1;
			remoteGlobalIDString = 8459289621D09CDD001DF6CC;
			remoteInfo = SsgSag;
		};
/* End PBXContainerItemProxy section */

/* Begin PBXFileReference section */
		083CA1ED31982C92FF7D60BA /* Pods-SsgSagTests.debug.xcconfig */ = {isa = PBXFileReference; includeInIndex = 1; lastKnownFileType = text.xcconfig; name = "Pods-SsgSagTests.debug.xcconfig"; path = "Pods/Target Support Files/Pods-SsgSagTests/Pods-SsgSagTests.debug.xcconfig"; sourceTree = "<group>"; };
		0E614E8987BBA6DBFDC0E038 /* Pods-SsgSagUITests.release.xcconfig */ = {isa = PBXFileReference; includeInIndex = 1; lastKnownFileType = text.xcconfig; name = "Pods-SsgSagUITests.release.xcconfig"; path = "Target Support Files/Pods-SsgSagUITests/Pods-SsgSagUITests.release.xcconfig"; sourceTree = "<group>"; };
		1E73B2D58130421AD8914636 /* Pods_SsgSag.framework */ = {isa = PBXFileReference; explicitFileType = wrapper.framework; includeInIndex = 0; path = Pods_SsgSag.framework; sourceTree = BUILT_PRODUCTS_DIR; };
		476B5599333568A94C71406C /* Pods_SsgSagTests.framework */ = {isa = PBXFileReference; explicitFileType = wrapper.framework; includeInIndex = 0; path = Pods_SsgSagTests.framework; sourceTree = BUILT_PRODUCTS_DIR; };
		73A19F3163047709495EC6A0 /* Pods-SsgSag.debug.xcconfig */ = {isa = PBXFileReference; includeInIndex = 1; lastKnownFileType = text.xcconfig; name = "Pods-SsgSag.debug.xcconfig"; path = "Target Support Files/Pods-SsgSag/Pods-SsgSag.debug.xcconfig"; sourceTree = "<group>"; };
		8134CA727EE6CCE0A7714139 /* Pods-SsgSagTests.debug.xcconfig */ = {isa = PBXFileReference; includeInIndex = 1; lastKnownFileType = text.xcconfig; name = "Pods-SsgSagTests.debug.xcconfig"; path = "Target Support Files/Pods-SsgSagTests/Pods-SsgSagTests.debug.xcconfig"; sourceTree = "<group>"; };
		8406BB7C220E9EE80065B180 /* Event.swift */ = {isa = PBXFileReference; lastKnownFileType = sourcecode.swift; path = Event.swift; sourceTree = "<group>"; };
		840FEDC022074F6F00581A3B /* DayCollectionViewCell.swift */ = {isa = PBXFileReference; lastKnownFileType = sourcecode.swift; path = DayCollectionViewCell.swift; sourceTree = "<group>"; };
		840FEDC22207500E00581A3B /* CalendarColor.swift */ = {isa = PBXFileReference; lastKnownFileType = sourcecode.swift; path = CalendarColor.swift; sourceTree = "<group>"; };
		840FEDC42207569D00581A3B /* CalendarView + extension.swift */ = {isa = PBXFileReference; lastKnownFileType = sourcecode.swift; path = "CalendarView + extension.swift"; sourceTree = "<group>"; };
		840FEDC6220759E200581A3B /* CalenderVC + TableView.swift */ = {isa = PBXFileReference; lastKnownFileType = sourcecode.swift; path = "CalenderVC + TableView.swift"; sourceTree = "<group>"; };
		8415586321D8D96900A0EDB5 /* SwipeCardDelegate.swift */ = {isa = PBXFileReference; lastKnownFileType = sourcecode.swift; path = SwipeCardDelegate.swift; sourceTree = "<group>"; };
		84264BA521DF0FF300849E6B /* Calendar.storyboard */ = {isa = PBXFileReference; lastKnownFileType = file.storyboard; path = Calendar.storyboard; sourceTree = "<group>"; };
		84264BA721DF106C00849E6B /* CalendarDetailVC.swift */ = {isa = PBXFileReference; lastKnownFileType = sourcecode.swift; path = CalendarDetailVC.swift; sourceTree = "<group>"; };
		84264BA921DF109200849E6B /* AddPassiveDateVC.swift */ = {isa = PBXFileReference; lastKnownFileType = sourcecode.swift; path = AddPassiveDateVC.swift; sourceTree = "<group>"; };
		842C618421DCDC92001BA6D8 /* SignupCompleteVC.swift */ = {isa = PBXFileReference; lastKnownFileType = sourcecode.swift; path = SignupCompleteVC.swift; sourceTree = "<group>"; };
		842C619A21DD1807001BA6D8 /* posterData.swift */ = {isa = PBXFileReference; fileEncoding = 4; lastKnownFileType = sourcecode.swift; path = posterData.swift; sourceTree = "<group>"; };
		842C619B21DD1807001BA6D8 /* Json4Swift_Base.swift */ = {isa = PBXFileReference; fileEncoding = 4; lastKnownFileType = sourcecode.swift; path = Json4Swift_Base.swift; sourceTree = "<group>"; };
		842C619C21DD1807001BA6D8 /* Posters.swift */ = {isa = PBXFileReference; fileEncoding = 4; lastKnownFileType = sourcecode.swift; path = Posters.swift; sourceTree = "<group>"; };
		8459289721D09CDD001DF6CC /* SsgSag.app */ = {isa = PBXFileReference; explicitFileType = wrapper.application; includeInIndex = 0; path = SsgSag.app; sourceTree = BUILT_PRODUCTS_DIR; };
		8459289A21D09CDD001DF6CC /* AppDelegate.swift */ = {isa = PBXFileReference; lastKnownFileType = sourcecode.swift; path = AppDelegate.swift; sourceTree = "<group>"; };
		8459289C21D09CDD001DF6CC /* SwipeVC.swift */ = {isa = PBXFileReference; lastKnownFileType = sourcecode.swift; path = SwipeVC.swift; sourceTree = "<group>"; };
		845928A221D09CDD001DF6CC /* SsgSag.xcdatamodel */ = {isa = PBXFileReference; lastKnownFileType = wrapper.xcdatamodel; path = SsgSag.xcdatamodel; sourceTree = "<group>"; };
		845928A421D09CE0001DF6CC /* Assets.xcassets */ = {isa = PBXFileReference; lastKnownFileType = folder.assetcatalog; path = Assets.xcassets; sourceTree = "<group>"; };
		845928A921D09CE0001DF6CC /* Info.plist */ = {isa = PBXFileReference; lastKnownFileType = text.plist.xml; path = Info.plist; sourceTree = "<group>"; };
		845928AE21D09CE0001DF6CC /* SsgSagTests.xctest */ = {isa = PBXFileReference; explicitFileType = wrapper.cfbundle; includeInIndex = 0; path = SsgSagTests.xctest; sourceTree = BUILT_PRODUCTS_DIR; };
		845928B221D09CE0001DF6CC /* SsgSagTests.swift */ = {isa = PBXFileReference; lastKnownFileType = sourcecode.swift; path = SsgSagTests.swift; sourceTree = "<group>"; };
		845928B421D09CE0001DF6CC /* Info.plist */ = {isa = PBXFileReference; lastKnownFileType = text.plist.xml; path = Info.plist; sourceTree = "<group>"; };
		845928B921D09CE0001DF6CC /* SsgSagUITests.xctest */ = {isa = PBXFileReference; explicitFileType = wrapper.cfbundle; includeInIndex = 0; path = SsgSagUITests.xctest; sourceTree = BUILT_PRODUCTS_DIR; };
		845928BD21D09CE0001DF6CC /* SsgSagUITests.swift */ = {isa = PBXFileReference; lastKnownFileType = sourcecode.swift; path = SsgSagUITests.swift; sourceTree = "<group>"; };
		845928BF21D09CE0001DF6CC /* Info.plist */ = {isa = PBXFileReference; lastKnownFileType = text.plist.xml; path = Info.plist; sourceTree = "<group>"; };
		845928CB21D09D09001DF6CC /* SwipeStoryBoard.storyboard */ = {isa = PBXFileReference; fileEncoding = 4; lastKnownFileType = file.storyboard; path = SwipeStoryBoard.storyboard; sourceTree = "<group>"; };
		845928D521D09F2F001DF6CC /* CalenderVC.swift */ = {isa = PBXFileReference; fileEncoding = 4; lastKnownFileType = sourcecode.swift; path = CalenderVC.swift; sourceTree = "<group>"; };
		845928D621D09F2F001DF6CC /* CalenderView.swift */ = {isa = PBXFileReference; fileEncoding = 4; lastKnownFileType = sourcecode.swift; path = CalenderView.swift; sourceTree = "<group>"; };
		845928D721D09F2F001DF6CC /* WeekdaysView.swift */ = {isa = PBXFileReference; fileEncoding = 4; lastKnownFileType = sourcecode.swift; path = WeekdaysView.swift; sourceTree = "<group>"; };
		845928D821D09F2F001DF6CC /* MonthView.swift */ = {isa = PBXFileReference; fileEncoding = 4; lastKnownFileType = sourcecode.swift; path = MonthView.swift; sourceTree = "<group>"; };
		845928E021D20068001DF6CC /* LoginVC.swift */ = {isa = PBXFileReference; lastKnownFileType = sourcecode.swift; path = LoginVC.swift; sourceTree = "<group>"; };
		845928E221D35F09001DF6CC /* PageViewController.swift */ = {isa = PBXFileReference; lastKnownFileType = sourcecode.swift; path = PageViewController.swift; sourceTree = "<group>"; };
		845928E421D38771001DF6CC /* DetailImageSwipeCard.swift */ = {isa = PBXFileReference; lastKnownFileType = sourcecode.swift; path = DetailImageSwipeCard.swift; sourceTree = "<group>"; };
		845928E621D3877D001DF6CC /* DetailTextSwipeCard.swift */ = {isa = PBXFileReference; lastKnownFileType = sourcecode.swift; path = DetailTextSwipeCard.swift; sourceTree = "<group>"; };
		84604F222205A0ED00212A00 /* todoCell.swift */ = {isa = PBXFileReference; lastKnownFileType = sourcecode.swift; path = todoCell.swift; sourceTree = "<group>"; };
		84A8AF2D22006FEB00CE72F8 /* KakaoOpenSDK.framework */ = {isa = PBXFileReference; lastKnownFileType = wrapper.framework; path = KakaoOpenSDK.framework; sourceTree = "<group>"; };
		84A8AF2F2200782800CE72F8 /* Kakao_Header.h */ = {isa = PBXFileReference; lastKnownFileType = sourcecode.c.h; path = Kakao_Header.h; sourceTree = "<group>"; };
		84B4268921E9063600B44F71 /* bt_save_round.json */ = {isa = PBXFileReference; fileEncoding = 4; lastKnownFileType = text.json; path = bt_save_round.json; sourceTree = "<group>"; };
		84B4268B21E9091C00B44F71 /* main_empty_hifive.json */ = {isa = PBXFileReference; fileEncoding = 4; lastKnownFileType = text.json; path = main_empty_hifive.json; sourceTree = "<group>"; };
		84BA694821DB394800BA8CB8 /* myPageVC.swift */ = {isa = PBXFileReference; lastKnownFileType = sourcecode.swift; path = myPageVC.swift; sourceTree = "<group>"; };
		84BA694A21DB395400BA8CB8 /* MyPageStoryBoard.storyboard */ = {isa = PBXFileReference; lastKnownFileType = file.storyboard; path = MyPageStoryBoard.storyboard; sourceTree = "<group>"; };
		84BA694C21DB74BD00BA8CB8 /* TapbarVC.swift */ = {isa = PBXFileReference; lastKnownFileType = sourcecode.swift; path = TapbarVC.swift; sourceTree = "<group>"; };
		84E19CCC21DCC922006F72EC /* Requestable.swift */ = {isa = PBXFileReference; fileEncoding = 4; lastKnownFileType = sourcecode.swift; path = Requestable.swift; sourceTree = "<group>"; };
		84E19CCD21DCC922006F72EC /* UserService.swift */ = {isa = PBXFileReference; fileEncoding = 4; lastKnownFileType = sourcecode.swift; path = UserService.swift; sourceTree = "<group>"; };
		84E19CCE21DCC922006F72EC /* APIManager.swift */ = {isa = PBXFileReference; fileEncoding = 4; lastKnownFileType = sourcecode.swift; path = APIManager.swift; sourceTree = "<group>"; };
		84E19CCF21DCC922006F72EC /* LoginService.swift */ = {isa = PBXFileReference; fileEncoding = 4; lastKnownFileType = sourcecode.swift; path = LoginService.swift; sourceTree = "<group>"; };
		84E19CD021DCC922006F72EC /* NetworkResult.swift */ = {isa = PBXFileReference; fileEncoding = 4; lastKnownFileType = sourcecode.swift; path = NetworkResult.swift; sourceTree = "<group>"; };
		84E19CD921DCC977006F72EC /* ResponseArray.swift */ = {isa = PBXFileReference; fileEncoding = 4; lastKnownFileType = sourcecode.swift; path = ResponseArray.swift; sourceTree = "<group>"; };
		84E19CDB21DCC977006F72EC /* User.swift */ = {isa = PBXFileReference; fileEncoding = 4; lastKnownFileType = sourcecode.swift; path = User.swift; sourceTree = "<group>"; };
		84E19CDC21DCC977006F72EC /* ResponseObject.swift */ = {isa = PBXFileReference; fileEncoding = 4; lastKnownFileType = sourcecode.swift; path = ResponseObject.swift; sourceTree = "<group>"; };
		84E19CDD21DCC977006F72EC /* Token.swift */ = {isa = PBXFileReference; fileEncoding = 4; lastKnownFileType = sourcecode.swift; path = Token.swift; sourceTree = "<group>"; };
		84E19CE321DCC9F4006F72EC /* LoginStoryBoard.storyboard */ = {isa = PBXFileReference; fileEncoding = 4; lastKnownFileType = file.storyboard; path = LoginStoryBoard.storyboard; sourceTree = "<group>"; };
		84E4EFCA21E516970051F6E6 /* Welcome.swift */ = {isa = PBXFileReference; lastKnownFileType = sourcecode.swift; path = Welcome.swift; sourceTree = "<group>"; };
		C5B6055F3FD0B21078B0C86D /* Pods-SsgSagUITests.debug.xcconfig */ = {isa = PBXFileReference; includeInIndex = 1; lastKnownFileType = text.xcconfig; name = "Pods-SsgSagUITests.debug.xcconfig"; path = "Target Support Files/Pods-SsgSagUITests/Pods-SsgSagUITests.debug.xcconfig"; sourceTree = "<group>"; };
		CB215FEBC2E4F3C5DD83D73E /* Pods-SsgSag.debug.xcconfig */ = {isa = PBXFileReference; includeInIndex = 1; lastKnownFileType = text.xcconfig; name = "Pods-SsgSag.debug.xcconfig"; path = "Pods/Target Support Files/Pods-SsgSag/Pods-SsgSag.debug.xcconfig"; sourceTree = "<group>"; };
		D4105A14D5565112ED500215 /* Pods_SsgSagUITests.framework */ = {isa = PBXFileReference; explicitFileType = wrapper.framework; includeInIndex = 0; path = Pods_SsgSagUITests.framework; sourceTree = BUILT_PRODUCTS_DIR; };
		D411F23C60FD5C5C850C5253 /* Pods-SsgSagUITests.release.xcconfig */ = {isa = PBXFileReference; includeInIndex = 1; lastKnownFileType = text.xcconfig; name = "Pods-SsgSagUITests.release.xcconfig"; path = "Pods/Target Support Files/Pods-SsgSagUITests/Pods-SsgSagUITests.release.xcconfig"; sourceTree = "<group>"; };
		DF7046823FFA5A856B0B0FC2 /* Pods-SsgSag.release.xcconfig */ = {isa = PBXFileReference; includeInIndex = 1; lastKnownFileType = text.xcconfig; name = "Pods-SsgSag.release.xcconfig"; path = "Pods/Target Support Files/Pods-SsgSag/Pods-SsgSag.release.xcconfig"; sourceTree = "<group>"; };
		E3FA6FB5C50BC45E91E8FCDB /* Pods-SsgSagTests.release.xcconfig */ = {isa = PBXFileReference; includeInIndex = 1; lastKnownFileType = text.xcconfig; name = "Pods-SsgSagTests.release.xcconfig"; path = "Target Support Files/Pods-SsgSagTests/Pods-SsgSagTests.release.xcconfig"; sourceTree = "<group>"; };
		EFE805AFFC7CBE0D5709EB25 /* Pods-SsgSag.release.xcconfig */ = {isa = PBXFileReference; includeInIndex = 1; lastKnownFileType = text.xcconfig; name = "Pods-SsgSag.release.xcconfig"; path = "Target Support Files/Pods-SsgSag/Pods-SsgSag.release.xcconfig"; sourceTree = "<group>"; };
		EFFBD7E389D09BDA88CEFC79 /* Pods-SsgSagUITests.debug.xcconfig */ = {isa = PBXFileReference; includeInIndex = 1; lastKnownFileType = text.xcconfig; name = "Pods-SsgSagUITests.debug.xcconfig"; path = "Pods/Target Support Files/Pods-SsgSagUITests/Pods-SsgSagUITests.debug.xcconfig"; sourceTree = "<group>"; };
		F3FC811A4088102AA1765221 /* Pods-SsgSagTests.release.xcconfig */ = {isa = PBXFileReference; includeInIndex = 1; lastKnownFileType = text.xcconfig; name = "Pods-SsgSagTests.release.xcconfig"; path = "Pods/Target Support Files/Pods-SsgSagTests/Pods-SsgSagTests.release.xcconfig"; sourceTree = "<group>"; };
		FA23A93D21DF6FCF003DB5F9 /* myPageTableViewCell.swift */ = {isa = PBXFileReference; lastKnownFileType = sourcecode.swift; path = myPageTableViewCell.swift; sourceTree = "<group>"; };
		FA23A93E21DF6FCF003DB5F9 /* myPageTableViewCell.xib */ = {isa = PBXFileReference; lastKnownFileType = file.xib; path = myPageTableViewCell.xib; sourceTree = "<group>"; };
		FA25A58121D36EC500C9FC93 /* SegmentedProgressBar.swift */ = {isa = PBXFileReference; lastKnownFileType = sourcecode.swift; path = SegmentedProgressBar.swift; sourceTree = "<group>"; };
		FA3A341F21E5127700668908 /* UserAPI.swift */ = {isa = PBXFileReference; lastKnownFileType = sourcecode.swift; path = UserAPI.swift; sourceTree = "<group>"; };
		FA3A342121E5D64300668908 /* UserInfoVC.swift */ = {isa = PBXFileReference; lastKnownFileType = sourcecode.swift; path = UserInfoVC.swift; sourceTree = "<group>"; };
		FA3A344121E7285C00668908 /* ConfirmProfileVC.swift */ = {isa = PBXFileReference; lastKnownFileType = sourcecode.swift; path = ConfirmProfileVC.swift; sourceTree = "<group>"; };
		FA3A344321E72F5200668908 /* SchoolInfoVC.swift */ = {isa = PBXFileReference; lastKnownFileType = sourcecode.swift; path = SchoolInfoVC.swift; sourceTree = "<group>"; };
		FA3A8FD621DF3C3B0075A510 /* Splash.storyboard */ = {isa = PBXFileReference; lastKnownFileType = file.storyboard; path = Splash.storyboard; sourceTree = "<group>"; };
		FA3A8FD821DF3D5F0075A510 /* Extension.swift */ = {isa = PBXFileReference; lastKnownFileType = sourcecode.swift; path = Extension.swift; sourceTree = "<group>"; };
		FA3A8FDA21DF3F410075A510 /* SplashVC.swift */ = {isa = PBXFileReference; lastKnownFileType = sourcecode.swift; path = SplashVC.swift; sourceTree = "<group>"; };
		FA524BF021D64E2400675289 /* SignupStoryBoard.storyboard */ = {isa = PBXFileReference; lastKnownFileType = file.storyboard; path = SignupStoryBoard.storyboard; sourceTree = "<group>"; };
		FA5A87F321E7D51D008C2C41 /* Career.swift */ = {isa = PBXFileReference; fileEncoding = 4; lastKnownFileType = sourcecode.swift; path = Career.swift; sourceTree = "<group>"; };
		FA5A882221E908DE008C2C41 /* Intro.storyboard */ = {isa = PBXFileReference; lastKnownFileType = file.storyboard; path = Intro.storyboard; sourceTree = "<group>"; };
		FA5FC0B62205964C00CB83C8 /* CalenderView + CollectionView.swift */ = {isa = PBXFileReference; lastKnownFileType = sourcecode.swift; path = "CalenderView + CollectionView.swift"; sourceTree = "<group>"; };
		FA5FC0B82205A3F800CB83C8 /* DotView.xib */ = {isa = PBXFileReference; lastKnownFileType = file.xib; path = DotView.xib; sourceTree = "<group>"; };
		FA5FC0BA2205A48500CB83C8 /* DotView.swift */ = {isa = PBXFileReference; lastKnownFileType = sourcecode.swift; path = DotView.swift; sourceTree = "<group>"; };
		FA61FE0E21E0E3D300A28947 /* JobVC.swift */ = {isa = PBXFileReference; lastKnownFileType = sourcecode.swift; path = JobVC.swift; sourceTree = "<group>"; };
		FA61FE1021E0E4A200A28947 /* PreferenceVC.swift */ = {isa = PBXFileReference; lastKnownFileType = sourcecode.swift; path = PreferenceVC.swift; sourceTree = "<group>"; };
		FA61FE1221E1D48D00A28947 /* .gitignore */ = {isa = PBXFileReference; fileEncoding = 4; lastKnownFileType = text; path = .gitignore; sourceTree = "<group>"; };
		FA61FE1821E204F300A28947 /* DatePickerPopUpVC.swift */ = {isa = PBXFileReference; lastKnownFileType = sourcecode.swift; path = DatePickerPopUpVC.swift; sourceTree = "<group>"; };
		FA7F4CB721DFB0C100D8643A /* CareerVC.swift */ = {isa = PBXFileReference; lastKnownFileType = sourcecode.swift; path = CareerVC.swift; sourceTree = "<group>"; };
		FA7F4CB921DFC7E700D8643A /* CustomCareerCell.swift */ = {isa = PBXFileReference; lastKnownFileType = sourcecode.swift; path = CustomCareerCell.swift; sourceTree = "<group>"; };
		FA7F4CBA21DFC7E700D8643A /* CustomCareerCell.xib */ = {isa = PBXFileReference; lastKnownFileType = file.xib; path = CustomCareerCell.xib; sourceTree = "<group>"; };
		FA7F4CBE21DFCAF200D8643A /* ActivityCell.xib */ = {isa = PBXFileReference; lastKnownFileType = file.xib; path = ActivityCell.xib; sourceTree = "<group>"; };
		FA7F4CC221DFCB1300D8643A /* PrizeCell.xib */ = {isa = PBXFileReference; lastKnownFileType = file.xib; path = PrizeCell.xib; sourceTree = "<group>"; };
		FA7F4CC621DFCC7E00D8643A /* CertificationCell.xib */ = {isa = PBXFileReference; lastKnownFileType = file.xib; path = CertificationCell.xib; sourceTree = "<group>"; };
		FA7F4CC921DFD61300D8643A /* ActivityCell.swift */ = {isa = PBXFileReference; lastKnownFileType = sourcecode.swift; path = ActivityCell.swift; sourceTree = "<group>"; };
		FA7F4CD121E0A0A000D8643A /* AddActivityVC.swift */ = {isa = PBXFileReference; lastKnownFileType = sourcecode.swift; path = AddActivityVC.swift; sourceTree = "<group>"; };
		FA7F4CD321E0A0BB00D8643A /* AddVC.swift */ = {isa = PBXFileReference; lastKnownFileType = sourcecode.swift; path = AddVC.swift; sourceTree = "<group>"; };
		FA806B9922060A8F00EB38D6 /* categoryColor.swift */ = {isa = PBXFileReference; lastKnownFileType = sourcecode.swift; path = categoryColor.swift; sourceTree = "<group>"; };
		FA806B9B2206F3E100EB38D6 /* LineView.xib */ = {isa = PBXFileReference; lastKnownFileType = file.xib; path = LineView.xib; sourceTree = "<group>"; };
		FA806B9D2206F70900EB38D6 /* LineView.swift */ = {isa = PBXFileReference; lastKnownFileType = sourcecode.swift; path = LineView.swift; sourceTree = "<group>"; };
		FA851DE821D3DBBC002065D0 /* SwipeCard.swift */ = {isa = PBXFileReference; fileEncoding = 4; lastKnownFileType = sourcecode.swift; path = SwipeCard.swift; sourceTree = "<group>"; };
		FA851DEC21D5FDB0002065D0 /* SwipeModel.swift */ = {isa = PBXFileReference; lastKnownFileType = sourcecode.swift; path = SwipeModel.swift; sourceTree = "<group>"; };
		FAA2386621FF32B400C6DB13 /* ZoomPosterImageVC.swift */ = {isa = PBXFileReference; lastKnownFileType = sourcecode.swift; path = ZoomPosterImageVC.swift; sourceTree = "<group>"; };
		FAA2386E2202F34A00C6DB13 /* CareerVC + TableView.swift */ = {isa = PBXFileReference; lastKnownFileType = sourcecode.swift; path = "CareerVC + TableView.swift"; sourceTree = "<group>"; };
		FAA238702202F37C00C6DB13 /* CareerVC + CollectionView.swift */ = {isa = PBXFileReference; lastKnownFileType = sourcecode.swift; path = "CareerVC + CollectionView.swift"; sourceTree = "<group>"; };
		FAA238742203179F00C6DB13 /* Careers.swift */ = {isa = PBXFileReference; lastKnownFileType = sourcecode.swift; path = Careers.swift; sourceTree = "<group>"; };
		FAA238782203296500C6DB13 /* NonActivityCell.swift */ = {isa = PBXFileReference; lastKnownFileType = sourcecode.swift; path = NonActivityCell.swift; sourceTree = "<group>"; };
		FAD25C122212CD78004B45E2 /* LoginPopUpVC.swift */ = {isa = PBXFileReference; lastKnownFileType = sourcecode.swift; path = LoginPopUpVC.swift; sourceTree = "<group>"; };
		FAD323DA21E36FA6000C4FBA /* AddCertificationVC.swift */ = {isa = PBXFileReference; lastKnownFileType = sourcecode.swift; path = AddCertificationVC.swift; sourceTree = "<group>"; };
		FAF0DEFF21E948AB003F341F /* UserModel.swift */ = {isa = PBXFileReference; lastKnownFileType = sourcecode.swift; path = UserModel.swift; sourceTree = "<group>"; };
		FAF0DF0221E95B5A003F341F /* splash.json */ = {isa = PBXFileReference; fileEncoding = 4; lastKnownFileType = text.json; path = splash.json; sourceTree = "<group>"; };
		FAFB87D122145ABE002CDED9 /* NetworkManager.swift */ = {isa = PBXFileReference; lastKnownFileType = sourcecode.swift; path = NetworkManager.swift; sourceTree = "<group>"; };
		FAFB87D622159F83002CDED9 /* univList.json */ = {isa = PBXFileReference; fileEncoding = 4; lastKnownFileType = text.json; path = univList.json; sourceTree = "<group>"; };
		FAFB87DD2215ABBF002CDED9 /* majorList.json */ = {isa = PBXFileReference; fileEncoding = 4; lastKnownFileType = text.json; path = majorList.json; sourceTree = "<group>"; };
/* End PBXFileReference section */

/* Begin PBXFrameworksBuildPhase section */
		8459289421D09CDD001DF6CC /* Frameworks */ = {
			isa = PBXFrameworksBuildPhase;
			buildActionMask = 2147483647;
			files = (
				1C3CD9527488A3036C7D035F /* Pods_SsgSag.framework in Frameworks */,
				84A8AF2E22006FEB00CE72F8 /* KakaoOpenSDK.framework in Frameworks */,
			);
			runOnlyForDeploymentPostprocessing = 0;
		};
		845928AB21D09CE0001DF6CC /* Frameworks */ = {
			isa = PBXFrameworksBuildPhase;
			buildActionMask = 2147483647;
			files = (
				2452C131601AAC033C5B69D6 /* Pods_SsgSagTests.framework in Frameworks */,
			);
			runOnlyForDeploymentPostprocessing = 0;
		};
		845928B621D09CE0001DF6CC /* Frameworks */ = {
			isa = PBXFrameworksBuildPhase;
			buildActionMask = 2147483647;
			files = (
				EA8CE4F2272B4D18160BB1AF /* Pods_SsgSagUITests.framework in Frameworks */,
			);
			runOnlyForDeploymentPostprocessing = 0;
		};
/* End PBXFrameworksBuildPhase section */

/* Begin PBXGroup section */
		2E04BB9F31A495430F45317D /* Frameworks */ = {
			isa = PBXGroup;
			children = (
				1E73B2D58130421AD8914636 /* Pods_SsgSag.framework */,
				476B5599333568A94C71406C /* Pods_SsgSagTests.framework */,
				D4105A14D5565112ED500215 /* Pods_SsgSagUITests.framework */,
				84A8AF2D22006FEB00CE72F8 /* KakaoOpenSDK.framework */,
			);
			name = Frameworks;
			sourceTree = "<group>";
		};
		3F1AE9C8059B4EA2C16410FE /* Pods */ = {
			isa = PBXGroup;
			children = (
				73A19F3163047709495EC6A0 /* Pods-SsgSag.debug.xcconfig */,
				EFE805AFFC7CBE0D5709EB25 /* Pods-SsgSag.release.xcconfig */,
				8134CA727EE6CCE0A7714139 /* Pods-SsgSagTests.debug.xcconfig */,
				E3FA6FB5C50BC45E91E8FCDB /* Pods-SsgSagTests.release.xcconfig */,
				C5B6055F3FD0B21078B0C86D /* Pods-SsgSagUITests.debug.xcconfig */,
				0E614E8987BBA6DBFDC0E038 /* Pods-SsgSagUITests.release.xcconfig */,
				CB215FEBC2E4F3C5DD83D73E /* Pods-SsgSag.debug.xcconfig */,
				DF7046823FFA5A856B0B0FC2 /* Pods-SsgSag.release.xcconfig */,
				083CA1ED31982C92FF7D60BA /* Pods-SsgSagTests.debug.xcconfig */,
				F3FC811A4088102AA1765221 /* Pods-SsgSagTests.release.xcconfig */,
				EFFBD7E389D09BDA88CEFC79 /* Pods-SsgSagUITests.debug.xcconfig */,
				D411F23C60FD5C5C850C5253 /* Pods-SsgSagUITests.release.xcconfig */,
			);
			path = Pods;
			sourceTree = "<group>";
		};
		8415586221D8D93500A0EDB5 /* delegate */ = {
			isa = PBXGroup;
			children = (
				8415586321D8D96900A0EDB5 /* SwipeCardDelegate.swift */,
			);
			path = delegate;
			sourceTree = "<group>";
		};
		842C618621DCEB8B001BA6D8 /* Swipe */ = {
			isa = PBXGroup;
			children = (
				842C619A21DD1807001BA6D8 /* posterData.swift */,
				842C619B21DD1807001BA6D8 /* Json4Swift_Base.swift */,
				842C619C21DD1807001BA6D8 /* Posters.swift */,
			);
			path = Swipe;
			sourceTree = "<group>";
		};
		8459288E21D09CDD001DF6CC = {
			isa = PBXGroup;
			children = (
				8459289921D09CDD001DF6CC /* SsgSag */,
				845928B121D09CE0001DF6CC /* SsgSagTests */,
				845928BC21D09CE0001DF6CC /* SsgSagUITests */,
				8459289821D09CDD001DF6CC /* Products */,
				3F1AE9C8059B4EA2C16410FE /* Pods */,
				2E04BB9F31A495430F45317D /* Frameworks */,
			);
			sourceTree = "<group>";
		};
		8459289821D09CDD001DF6CC /* Products */ = {
			isa = PBXGroup;
			children = (
				8459289721D09CDD001DF6CC /* SsgSag.app */,
				845928AE21D09CE0001DF6CC /* SsgSagTests.xctest */,
				845928B921D09CE0001DF6CC /* SsgSagUITests.xctest */,
			);
			name = Products;
			sourceTree = "<group>";
		};
		8459289921D09CDD001DF6CC /* SsgSag */ = {
			isa = PBXGroup;
			children = (
				FA61FE1221E1D48D00A28947 /* .gitignore */,
				8459289A21D09CDD001DF6CC /* AppDelegate.swift */,
				84BA694C21DB74BD00BA8CB8 /* TapbarVC.swift */,
				84E19CD821DCC977006F72EC /* Models */,
				84E19CCB21DCC922006F72EC /* APIServices */,
				FAF0DF0121E95B31003F341F /* Splash */,
				FA5A882121E9084F008C2C41 /* Intro */,
				845928DE21D20034001DF6CC /* LoginRegister */,
				FA524BEF21D64DFD00675289 /* Signup */,
				84BA694721DB391D00BA8CB8 /* MyPage */,
				FAAFB58721D3B5E5006BF728 /* Swipe */,
				845928DD21D09F38001DF6CC /* Calendar */,
				FAAFB58821D3B6B8006BF728 /* Assets */,
				845928A921D09CE0001DF6CC /* Info.plist */,
				84A8AF2F2200782800CE72F8 /* Kakao_Header.h */,
				FA3A8FD821DF3D5F0075A510 /* Extension.swift */,
				FAFB87D122145ABE002CDED9 /* NetworkManager.swift */,
			);
			path = SsgSag;
			sourceTree = "<group>";
		};
		845928B121D09CE0001DF6CC /* SsgSagTests */ = {
			isa = PBXGroup;
			children = (
				845928B221D09CE0001DF6CC /* SsgSagTests.swift */,
				845928B421D09CE0001DF6CC /* Info.plist */,
			);
			path = SsgSagTests;
			sourceTree = "<group>";
		};
		845928BC21D09CE0001DF6CC /* SsgSagUITests */ = {
			isa = PBXGroup;
			children = (
				845928BD21D09CE0001DF6CC /* SsgSagUITests.swift */,
				845928BF21D09CE0001DF6CC /* Info.plist */,
			);
			path = SsgSagUITests;
			sourceTree = "<group>";
		};
		845928DD21D09F38001DF6CC /* Calendar */ = {
			isa = PBXGroup;
			children = (
				84264BA521DF0FF300849E6B /* Calendar.storyboard */,
				845928D521D09F2F001DF6CC /* CalenderVC.swift */,
				840FEDC6220759E200581A3B /* CalenderVC + TableView.swift */,
				840FEDC022074F6F00581A3B /* DayCollectionViewCell.swift */,
				840FEDC22207500E00581A3B /* CalendarColor.swift */,
				845928D621D09F2F001DF6CC /* CalenderView.swift */,
				840FEDC42207569D00581A3B /* CalendarView + extension.swift */,
				FA5FC0B62205964C00CB83C8 /* CalenderView + CollectionView.swift */,
				8406BB7C220E9EE80065B180 /* Event.swift */,
				845928D821D09F2F001DF6CC /* MonthView.swift */,
				845928D721D09F2F001DF6CC /* WeekdaysView.swift */,
				84264BA721DF106C00849E6B /* CalendarDetailVC.swift */,
				84264BA921DF109200849E6B /* AddPassiveDateVC.swift */,
				FAA2386621FF32B400C6DB13 /* ZoomPosterImageVC.swift */,
				FA5FC0B82205A3F800CB83C8 /* DotView.xib */,
				FA5FC0BA2205A48500CB83C8 /* DotView.swift */,
				FA806B9B2206F3E100EB38D6 /* LineView.xib */,
				FA806B9D2206F70900EB38D6 /* LineView.swift */,
				FA806B9922060A8F00EB38D6 /* categoryColor.swift */,
				84604F222205A0ED00212A00 /* todoCell.swift */,
			);
			path = Calendar;
			sourceTree = "<group>";
		};
		845928DE21D20034001DF6CC /* LoginRegister */ = {
			isa = PBXGroup;
			children = (
				84E19CE321DCC9F4006F72EC /* LoginStoryBoard.storyboard */,
				845928E021D20068001DF6CC /* LoginVC.swift */,
				FAD25C122212CD78004B45E2 /* LoginPopUpVC.swift */,
			);
			path = LoginRegister;
			sourceTree = "<group>";
		};
		84BA694721DB391D00BA8CB8 /* MyPage */ = {
			isa = PBXGroup;
			children = (
				84BA694A21DB395400BA8CB8 /* MyPageStoryBoard.storyboard */,
				84BA694821DB394800BA8CB8 /* myPageVC.swift */,
				84E4EFCA21E516970051F6E6 /* Welcome.swift */,
				FAF0DEFF21E948AB003F341F /* UserModel.swift */,
				FA5A87F321E7D51D008C2C41 /* Career.swift */,
				FAA238742203179F00C6DB13 /* Careers.swift */,
				FA7F4CB721DFB0C100D8643A /* CareerVC.swift */,
				FAA2386E2202F34A00C6DB13 /* CareerVC + TableView.swift */,
				FAA238702202F37C00C6DB13 /* CareerVC + CollectionView.swift */,
				FA61FE1821E204F300A28947 /* DatePickerPopUpVC.swift */,
				FA61FE1021E0E4A200A28947 /* PreferenceVC.swift */,
				FA61FE0E21E0E3D300A28947 /* JobVC.swift */,
				FAA2386D2202F13200C6DB13 /* Add */,
				FA7F4CC921DFD61300D8643A /* ActivityCell.swift */,
				FAA238782203296500C6DB13 /* NonActivityCell.swift */,
				FA7F4CB921DFC7E700D8643A /* CustomCareerCell.swift */,
				FA23A93D21DF6FCF003DB5F9 /* myPageTableViewCell.swift */,
				FA7F4CBE21DFCAF200D8643A /* ActivityCell.xib */,
				FA7F4CC221DFCB1300D8643A /* PrizeCell.xib */,
				FA7F4CC621DFCC7E00D8643A /* CertificationCell.xib */,
				FA7F4CBA21DFC7E700D8643A /* CustomCareerCell.xib */,
				FA23A93E21DF6FCF003DB5F9 /* myPageTableViewCell.xib */,
				84B4268921E9063600B44F71 /* bt_save_round.json */,
			);
			path = MyPage;
			sourceTree = "<group>";
		};
		84E19CCB21DCC922006F72EC /* APIServices */ = {
			isa = PBXGroup;
			children = (
				84E19CCC21DCC922006F72EC /* Requestable.swift */,
				84E19CCD21DCC922006F72EC /* UserService.swift */,
				84E19CCE21DCC922006F72EC /* APIManager.swift */,
				84E19CCF21DCC922006F72EC /* LoginService.swift */,
				84E19CD021DCC922006F72EC /* NetworkResult.swift */,
				FA3A341F21E5127700668908 /* UserAPI.swift */,
			);
			path = APIServices;
			sourceTree = "<group>";
		};
		84E19CD821DCC977006F72EC /* Models */ = {
			isa = PBXGroup;
			children = (
				842C618621DCEB8B001BA6D8 /* Swipe */,
				84E19CD921DCC977006F72EC /* ResponseArray.swift */,
				84E19CDB21DCC977006F72EC /* User.swift */,
				84E19CDC21DCC977006F72EC /* ResponseObject.swift */,
				84E19CDD21DCC977006F72EC /* Token.swift */,
			);
			path = Models;
			sourceTree = "<group>";
		};
		FA524BEF21D64DFD00675289 /* Signup */ = {
			isa = PBXGroup;
			children = (
				FA524BF021D64E2400675289 /* SignupStoryBoard.storyboard */,
				FA3A344121E7285C00668908 /* ConfirmProfileVC.swift */,
				FA3A344321E72F5200668908 /* SchoolInfoVC.swift */,
				842C618421DCDC92001BA6D8 /* SignupCompleteVC.swift */,
				FAFB87DD2215ABBF002CDED9 /* majorList.json */,
				FAFB87D622159F83002CDED9 /* univList.json */,
				FA3A342121E5D64300668908 /* UserInfoVC.swift */,
			);
			path = Signup;
			sourceTree = "<group>";
		};
		FA5A882121E9084F008C2C41 /* Intro */ = {
			isa = PBXGroup;
			children = (
				FA5A882221E908DE008C2C41 /* Intro.storyboard */,
			);
			path = Intro;
			sourceTree = "<group>";
		};
		FA851DE321D3D807002065D0 /* VC */ = {
			isa = PBXGroup;
			children = (
				8459289C21D09CDD001DF6CC /* SwipeVC.swift */,
				845928E221D35F09001DF6CC /* PageViewController.swift */,
			);
			path = VC;
			sourceTree = "<group>";
		};
		FAA2386D2202F13200C6DB13 /* Add */ = {
			isa = PBXGroup;
			children = (
				FA7F4CD121E0A0A000D8643A /* AddActivityVC.swift */,
				FA7F4CD321E0A0BB00D8643A /* AddVC.swift */,
				FAD323DA21E36FA6000C4FBA /* AddCertificationVC.swift */,
			);
			path = Add;
			sourceTree = "<group>";
		};
		FAAFB58721D3B5E5006BF728 /* Swipe */ = {
			isa = PBXGroup;
			children = (
				8415586221D8D93500A0EDB5 /* delegate */,
				FA851DE321D3D807002065D0 /* VC */,
				845928CB21D09D09001DF6CC /* SwipeStoryBoard.storyboard */,
				FA851DE821D3DBBC002065D0 /* SwipeCard.swift */,
				845928E421D38771001DF6CC /* DetailImageSwipeCard.swift */,
				845928E621D3877D001DF6CC /* DetailTextSwipeCard.swift */,
				FA25A58121D36EC500C9FC93 /* SegmentedProgressBar.swift */,
				FA851DEC21D5FDB0002065D0 /* SwipeModel.swift */,
				84B4268B21E9091C00B44F71 /* main_empty_hifive.json */,
			);
			path = Swipe;
			sourceTree = "<group>";
		};
		FAAFB58821D3B6B8006BF728 /* Assets */ = {
			isa = PBXGroup;
			children = (
				845928A421D09CE0001DF6CC /* Assets.xcassets */,
				845928A121D09CDD001DF6CC /* SsgSag.xcdatamodeld */,
			);
			path = Assets;
			sourceTree = "<group>";
		};
		FAF0DF0121E95B31003F341F /* Splash */ = {
			isa = PBXGroup;
			children = (
				FA3A8FD621DF3C3B0075A510 /* Splash.storyboard */,
				FA3A8FDA21DF3F410075A510 /* SplashVC.swift */,
				FAF0DF0221E95B5A003F341F /* splash.json */,
			);
			path = Splash;
			sourceTree = "<group>";
		};
/* End PBXGroup section */

/* Begin PBXNativeTarget section */
		8459289621D09CDD001DF6CC /* SsgSag */ = {
			isa = PBXNativeTarget;
			buildConfigurationList = 845928C221D09CE0001DF6CC /* Build configuration list for PBXNativeTarget "SsgSag" */;
			buildPhases = (
				6AA4ACD5FD2F7D5C39D6EEB6 /* [CP] Check Pods Manifest.lock */,
				8459289321D09CDD001DF6CC /* Sources */,
				8459289421D09CDD001DF6CC /* Frameworks */,
				8459289521D09CDD001DF6CC /* Resources */,
				9BD9361C4E00ACD1E72E265B /* [CP] Embed Pods Frameworks */,
			);
			buildRules = (
			);
			dependencies = (
			);
			name = SsgSag;
			productName = SsgSag;
			productReference = 8459289721D09CDD001DF6CC /* SsgSag.app */;
			productType = "com.apple.product-type.application";
		};
		845928AD21D09CE0001DF6CC /* SsgSagTests */ = {
			isa = PBXNativeTarget;
			buildConfigurationList = 845928C521D09CE0001DF6CC /* Build configuration list for PBXNativeTarget "SsgSagTests" */;
			buildPhases = (
				8866E483B066108282A58309 /* [CP] Check Pods Manifest.lock */,
				845928AA21D09CE0001DF6CC /* Sources */,
				845928AB21D09CE0001DF6CC /* Frameworks */,
				845928AC21D09CE0001DF6CC /* Resources */,
			);
			buildRules = (
			);
			dependencies = (
				845928B021D09CE0001DF6CC /* PBXTargetDependency */,
			);
			name = SsgSagTests;
			productName = SsgSagTests;
			productReference = 845928AE21D09CE0001DF6CC /* SsgSagTests.xctest */;
			productType = "com.apple.product-type.bundle.unit-test";
		};
		845928B821D09CE0001DF6CC /* SsgSagUITests */ = {
			isa = PBXNativeTarget;
			buildConfigurationList = 845928C821D09CE0001DF6CC /* Build configuration list for PBXNativeTarget "SsgSagUITests" */;
			buildPhases = (
				82BDF428A5222E33AF8C5F07 /* [CP] Check Pods Manifest.lock */,
				845928B521D09CE0001DF6CC /* Sources */,
				845928B621D09CE0001DF6CC /* Frameworks */,
				845928B721D09CE0001DF6CC /* Resources */,
			);
			buildRules = (
			);
			dependencies = (
				845928BB21D09CE0001DF6CC /* PBXTargetDependency */,
			);
			name = SsgSagUITests;
			productName = SsgSagUITests;
			productReference = 845928B921D09CE0001DF6CC /* SsgSagUITests.xctest */;
			productType = "com.apple.product-type.bundle.ui-testing";
		};
/* End PBXNativeTarget section */

/* Begin PBXProject section */
		8459288F21D09CDD001DF6CC /* Project object */ = {
			isa = PBXProject;
			attributes = {
				LastSwiftUpdateCheck = 1010;
				LastUpgradeCheck = 1010;
				ORGANIZATIONNAME = wndzlf;
				TargetAttributes = {
					8459289621D09CDD001DF6CC = {
						CreatedOnToolsVersion = 10.1;
						SystemCapabilities = {
							com.apple.BackgroundModes = {
								enabled = 0;
							};
						};
					};
					845928AD21D09CE0001DF6CC = {
						CreatedOnToolsVersion = 10.1;
						TestTargetID = 8459289621D09CDD001DF6CC;
					};
					845928B821D09CE0001DF6CC = {
						CreatedOnToolsVersion = 10.1;
						TestTargetID = 8459289621D09CDD001DF6CC;
					};
				};
			};
			buildConfigurationList = 8459289221D09CDD001DF6CC /* Build configuration list for PBXProject "SsgSag" */;
			compatibilityVersion = "Xcode 9.3";
			developmentRegion = en;
			hasScannedForEncodings = 0;
			knownRegions = (
				en,
				Base,
			);
			mainGroup = 8459288E21D09CDD001DF6CC;
			productRefGroup = 8459289821D09CDD001DF6CC /* Products */;
			projectDirPath = "";
			projectRoot = "";
			targets = (
				8459289621D09CDD001DF6CC /* SsgSag */,
				845928AD21D09CE0001DF6CC /* SsgSagTests */,
				845928B821D09CE0001DF6CC /* SsgSagUITests */,
			);
		};
/* End PBXProject section */

/* Begin PBXResourcesBuildPhase section */
		8459289521D09CDD001DF6CC /* Resources */ = {
			isa = PBXResourcesBuildPhase;
			buildActionMask = 2147483647;
			files = (
				84BA694B21DB395400BA8CB8 /* MyPageStoryBoard.storyboard in Resources */,
				FA5FC0B92205A3F800CB83C8 /* DotView.xib in Resources */,
				84E19CE421DCC9F4006F72EC /* LoginStoryBoard.storyboard in Resources */,
				FA7F4CBC21DFC7E700D8643A /* CustomCareerCell.xib in Resources */,
				FA3A8FD721DF3C3B0075A510 /* Splash.storyboard in Resources */,
				FA7F4CC821DFCC7E00D8643A /* CertificationCell.xib in Resources */,
				FAFB87D822159F83002CDED9 /* univList.json in Resources */,
				FA5A882321E908DF008C2C41 /* Intro.storyboard in Resources */,
				FA7F4CC421DFCB1300D8643A /* PrizeCell.xib in Resources */,
				84B4268C21E9091D00B44F71 /* main_empty_hifive.json in Resources */,
				845928A521D09CE0001DF6CC /* Assets.xcassets in Resources */,
				FAFB87DE2215ABBF002CDED9 /* majorList.json in Resources */,
				84264BA621DF0FF300849E6B /* Calendar.storyboard in Resources */,
				845928CC21D09D09001DF6CC /* SwipeStoryBoard.storyboard in Resources */,
				FA524BF121D64E2400675289 /* SignupStoryBoard.storyboard in Resources */,
				FA7F4CC021DFCAF200D8643A /* ActivityCell.xib in Resources */,
				84B4268A21E9063600B44F71 /* bt_save_round.json in Resources */,
				FAF0DF0321E95B5A003F341F /* splash.json in Resources */,
				FA806B9C2206F3E100EB38D6 /* LineView.xib in Resources */,
				FA61FE1321E1D48D00A28947 /* .gitignore in Resources */,
			);
			runOnlyForDeploymentPostprocessing = 0;
		};
		845928AC21D09CE0001DF6CC /* Resources */ = {
			isa = PBXResourcesBuildPhase;
			buildActionMask = 2147483647;
			files = (
			);
			runOnlyForDeploymentPostprocessing = 0;
		};
		845928B721D09CE0001DF6CC /* Resources */ = {
			isa = PBXResourcesBuildPhase;
			buildActionMask = 2147483647;
			files = (
			);
			runOnlyForDeploymentPostprocessing = 0;
		};
/* End PBXResourcesBuildPhase section */

/* Begin PBXShellScriptBuildPhase section */
		6AA4ACD5FD2F7D5C39D6EEB6 /* [CP] Check Pods Manifest.lock */ = {
			isa = PBXShellScriptBuildPhase;
			buildActionMask = 2147483647;
			files = (
			);
			inputFileListPaths = (
			);
			inputPaths = (
				"${PODS_PODFILE_DIR_PATH}/Podfile.lock",
				"${PODS_ROOT}/Manifest.lock",
			);
			name = "[CP] Check Pods Manifest.lock";
			outputFileListPaths = (
			);
			outputPaths = (
				"$(DERIVED_FILE_DIR)/Pods-SsgSag-checkManifestLockResult.txt",
			);
			runOnlyForDeploymentPostprocessing = 0;
			shellPath = /bin/sh;
			shellScript = "diff \"${PODS_PODFILE_DIR_PATH}/Podfile.lock\" \"${PODS_ROOT}/Manifest.lock\" > /dev/null\nif [ $? != 0 ] ; then\n    # print error to STDERR\n    echo \"error: The sandbox is not in sync with the Podfile.lock. Run 'pod install' or update your CocoaPods installation.\" >&2\n    exit 1\nfi\n# This output is used by Xcode 'outputs' to avoid re-running this script phase.\necho \"SUCCESS\" > \"${SCRIPT_OUTPUT_FILE_0}\"\n";
			showEnvVarsInLog = 0;
		};
		82BDF428A5222E33AF8C5F07 /* [CP] Check Pods Manifest.lock */ = {
			isa = PBXShellScriptBuildPhase;
			buildActionMask = 2147483647;
			files = (
			);
			inputFileListPaths = (
			);
			inputPaths = (
				"${PODS_PODFILE_DIR_PATH}/Podfile.lock",
				"${PODS_ROOT}/Manifest.lock",
			);
			name = "[CP] Check Pods Manifest.lock";
			outputFileListPaths = (
			);
			outputPaths = (
				"$(DERIVED_FILE_DIR)/Pods-SsgSagUITests-checkManifestLockResult.txt",
			);
			runOnlyForDeploymentPostprocessing = 0;
			shellPath = /bin/sh;
			shellScript = "diff \"${PODS_PODFILE_DIR_PATH}/Podfile.lock\" \"${PODS_ROOT}/Manifest.lock\" > /dev/null\nif [ $? != 0 ] ; then\n    # print error to STDERR\n    echo \"error: The sandbox is not in sync with the Podfile.lock. Run 'pod install' or update your CocoaPods installation.\" >&2\n    exit 1\nfi\n# This output is used by Xcode 'outputs' to avoid re-running this script phase.\necho \"SUCCESS\" > \"${SCRIPT_OUTPUT_FILE_0}\"\n";
			showEnvVarsInLog = 0;
		};
		8866E483B066108282A58309 /* [CP] Check Pods Manifest.lock */ = {
			isa = PBXShellScriptBuildPhase;
			buildActionMask = 2147483647;
			files = (
			);
			inputFileListPaths = (
			);
			inputPaths = (
				"${PODS_PODFILE_DIR_PATH}/Podfile.lock",
				"${PODS_ROOT}/Manifest.lock",
			);
			name = "[CP] Check Pods Manifest.lock";
			outputFileListPaths = (
			);
			outputPaths = (
				"$(DERIVED_FILE_DIR)/Pods-SsgSagTests-checkManifestLockResult.txt",
			);
			runOnlyForDeploymentPostprocessing = 0;
			shellPath = /bin/sh;
			shellScript = "diff \"${PODS_PODFILE_DIR_PATH}/Podfile.lock\" \"${PODS_ROOT}/Manifest.lock\" > /dev/null\nif [ $? != 0 ] ; then\n    # print error to STDERR\n    echo \"error: The sandbox is not in sync with the Podfile.lock. Run 'pod install' or update your CocoaPods installation.\" >&2\n    exit 1\nfi\n# This output is used by Xcode 'outputs' to avoid re-running this script phase.\necho \"SUCCESS\" > \"${SCRIPT_OUTPUT_FILE_0}\"\n";
			showEnvVarsInLog = 0;
		};
		9BD9361C4E00ACD1E72E265B /* [CP] Embed Pods Frameworks */ = {
			isa = PBXShellScriptBuildPhase;
			buildActionMask = 2147483647;
			files = (
			);
			inputFileListPaths = (
			);
			inputPaths = (
				"${PODS_ROOT}/Target Support Files/Pods-SsgSag/Pods-SsgSag-frameworks.sh",
				"${BUILT_PRODUCTS_DIR}/Alamofire/Alamofire.framework",
				"${BUILT_PRODUCTS_DIR}/AlamofireObjectMapper/AlamofireObjectMapper.framework",
				"${BUILT_PRODUCTS_DIR}/Kingfisher/Kingfisher.framework",
				"${BUILT_PRODUCTS_DIR}/ObjectMapper/ObjectMapper.framework",
				"${BUILT_PRODUCTS_DIR}/SearchTextField/SearchTextField.framework",
				"${BUILT_PRODUCTS_DIR}/lottie-ios/Lottie.framework",
				"${PODS_ROOT}/naveridlogin-sdk-ios/NaverThirdPartyLogin.framework",
			);
			name = "[CP] Embed Pods Frameworks";
			outputFileListPaths = (
			);
			outputPaths = (
				"${TARGET_BUILD_DIR}/${FRAMEWORKS_FOLDER_PATH}/Alamofire.framework",
				"${TARGET_BUILD_DIR}/${FRAMEWORKS_FOLDER_PATH}/AlamofireObjectMapper.framework",
				"${TARGET_BUILD_DIR}/${FRAMEWORKS_FOLDER_PATH}/Kingfisher.framework",
				"${TARGET_BUILD_DIR}/${FRAMEWORKS_FOLDER_PATH}/ObjectMapper.framework",
				"${TARGET_BUILD_DIR}/${FRAMEWORKS_FOLDER_PATH}/SearchTextField.framework",
				"${TARGET_BUILD_DIR}/${FRAMEWORKS_FOLDER_PATH}/Lottie.framework",
				"${TARGET_BUILD_DIR}/${FRAMEWORKS_FOLDER_PATH}/NaverThirdPartyLogin.framework",
			);
			runOnlyForDeploymentPostprocessing = 0;
			shellPath = /bin/sh;
			shellScript = "\"${PODS_ROOT}/Target Support Files/Pods-SsgSag/Pods-SsgSag-frameworks.sh\"\n";
			showEnvVarsInLog = 0;
		};
/* End PBXShellScriptBuildPhase section */

/* Begin PBXSourcesBuildPhase section */
		8459289321D09CDD001DF6CC /* Sources */ = {
			isa = PBXSourcesBuildPhase;
			buildActionMask = 2147483647;
			files = (
				FAFB87D222145ABE002CDED9 /* NetworkManager.swift in Sources */,
				84E19CE021DCC977006F72EC /* User.swift in Sources */,
				842C619D21DD1807001BA6D8 /* posterData.swift in Sources */,
				FA851DED21D5FDB0002065D0 /* SwipeModel.swift in Sources */,
				84264BA821DF106C00849E6B /* CalendarDetailVC.swift in Sources */,
				845928DC21D09F30001DF6CC /* MonthView.swift in Sources */,
				8459289D21D09CDD001DF6CC /* SwipeVC.swift in Sources */,
				84E19CD221DCC922006F72EC /* Requestable.swift in Sources */,
				840FEDC32207500E00581A3B /* CalendarColor.swift in Sources */,
				FA5A87F421E7D51D008C2C41 /* Career.swift in Sources */,
				8406BB7D220E9EE80065B180 /* Event.swift in Sources */,
				84E19CDE21DCC977006F72EC /* ResponseArray.swift in Sources */,
				FA23A93F21DF6FCF003DB5F9 /* myPageTableViewCell.swift in Sources */,
				845928E121D20068001DF6CC /* LoginVC.swift in Sources */,
				FA61FE0F21E0E3D300A28947 /* JobVC.swift in Sources */,
				84E19CE121DCC977006F72EC /* ResponseObject.swift in Sources */,
				FA7F4CCA21DFD61300D8643A /* ActivityCell.swift in Sources */,
				FA7F4CD421E0A0BB00D8643A /* AddVC.swift in Sources */,
				FA7F4CB821DFB0C100D8643A /* CareerVC.swift in Sources */,
				845928A321D09CDD001DF6CC /* SsgSag.xcdatamodeld in Sources */,
				FA851DE921D3DBBC002065D0 /* SwipeCard.swift in Sources */,
				8415586421D8D96900A0EDB5 /* SwipeCardDelegate.swift in Sources */,
				FAF0DF0021E948AB003F341F /* UserModel.swift in Sources */,
				840FEDC52207569D00581A3B /* CalendarView + extension.swift in Sources */,
				845928DA21D09F30001DF6CC /* CalenderView.swift in Sources */,
				FA5FC0BB2205A48500CB83C8 /* DotView.swift in Sources */,
				FAA238712202F37C00C6DB13 /* CareerVC + CollectionView.swift in Sources */,
				FA61FE1921E204F300A28947 /* DatePickerPopUpVC.swift in Sources */,
				845928E721D3877D001DF6CC /* DetailTextSwipeCard.swift in Sources */,
				845928DB21D09F30001DF6CC /* WeekdaysView.swift in Sources */,
				8459289B21D09CDD001DF6CC /* AppDelegate.swift in Sources */,
				84E19CE221DCC977006F72EC /* Token.swift in Sources */,
				FAD25C132212CD78004B45E2 /* LoginPopUpVC.swift in Sources */,
				FA3A344421E72F5200668908 /* SchoolInfoVC.swift in Sources */,
				84E19CD421DCC922006F72EC /* APIManager.swift in Sources */,
				84E19CD621DCC922006F72EC /* NetworkResult.swift in Sources */,
				840FEDC7220759E200581A3B /* CalenderVC + TableView.swift in Sources */,
				FA5FC0B72205964C00CB83C8 /* CalenderView + CollectionView.swift in Sources */,
				FA3A342221E5D64300668908 /* UserInfoVC.swift in Sources */,
				FAA238792203296500C6DB13 /* NonActivityCell.swift in Sources */,
				FAD323DB21E36FA6000C4FBA /* AddCertificationVC.swift in Sources */,
				FA3A344221E7285C00668908 /* ConfirmProfileVC.swift in Sources */,
				FA3A8FD921DF3D5F0075A510 /* Extension.swift in Sources */,
				FA7F4CD221E0A0A000D8643A /* AddActivityVC.swift in Sources */,
				84E19CD521DCC922006F72EC /* LoginService.swift in Sources */,
				84BA694921DB394800BA8CB8 /* myPageVC.swift in Sources */,
				84264BAA21DF109200849E6B /* AddPassiveDateVC.swift in Sources */,
				84E19CD321DCC922006F72EC /* UserService.swift in Sources */,
				FA806B9A22060A8F00EB38D6 /* categoryColor.swift in Sources */,
				FA806B9E2206F70900EB38D6 /* LineView.swift in Sources */,
				842C619E21DD1807001BA6D8 /* Json4Swift_Base.swift in Sources */,
				FA3A342021E5127700668908 /* UserAPI.swift in Sources */,
				FAA2386721FF32B400C6DB13 /* ZoomPosterImageVC.swift in Sources */,
				842C619F21DD1807001BA6D8 /* Posters.swift in Sources */,
				FA61FE1121E0E4A200A28947 /* PreferenceVC.swift in Sources */,
				84E4EFCB21E516970051F6E6 /* Welcome.swift in Sources */,
				840FEDC122074F6F00581A3B /* DayCollectionViewCell.swift in Sources */,
				845928E321D35F09001DF6CC /* PageViewController.swift in Sources */,
				FAA2386F2202F34A00C6DB13 /* CareerVC + TableView.swift in Sources */,
				842C618521DCDC92001BA6D8 /* SignupCompleteVC.swift in Sources */,
				FA7F4CBB21DFC7E700D8643A /* CustomCareerCell.swift in Sources */,
				84604F232205A0ED00212A00 /* todoCell.swift in Sources */,
				845928D921D09F30001DF6CC /* CalenderVC.swift in Sources */,
				FA3A8FDB21DF3F410075A510 /* SplashVC.swift in Sources */,
				845928E521D38771001DF6CC /* DetailImageSwipeCard.swift in Sources */,
				FAA238752203179F00C6DB13 /* Careers.swift in Sources */,
				84BA694D21DB74BD00BA8CB8 /* TapbarVC.swift in Sources */,
				FA25A58221D36EC500C9FC93 /* SegmentedProgressBar.swift in Sources */,
			);
			runOnlyForDeploymentPostprocessing = 0;
		};
		845928AA21D09CE0001DF6CC /* Sources */ = {
			isa = PBXSourcesBuildPhase;
			buildActionMask = 2147483647;
			files = (
				845928B321D09CE0001DF6CC /* SsgSagTests.swift in Sources */,
			);
			runOnlyForDeploymentPostprocessing = 0;
		};
		845928B521D09CE0001DF6CC /* Sources */ = {
			isa = PBXSourcesBuildPhase;
			buildActionMask = 2147483647;
			files = (
				845928BE21D09CE0001DF6CC /* SsgSagUITests.swift in Sources */,
			);
			runOnlyForDeploymentPostprocessing = 0;
		};
/* End PBXSourcesBuildPhase section */

/* Begin PBXTargetDependency section */
		845928B021D09CE0001DF6CC /* PBXTargetDependency */ = {
			isa = PBXTargetDependency;
			target = 8459289621D09CDD001DF6CC /* SsgSag */;
			targetProxy = 845928AF21D09CE0001DF6CC /* PBXContainerItemProxy */;
		};
		845928BB21D09CE0001DF6CC /* PBXTargetDependency */ = {
			isa = PBXTargetDependency;
			target = 8459289621D09CDD001DF6CC /* SsgSag */;
			targetProxy = 845928BA21D09CE0001DF6CC /* PBXContainerItemProxy */;
		};
/* End PBXTargetDependency section */

/* Begin XCBuildConfiguration section */
		845928C021D09CE0001DF6CC /* Debug */ = {
			isa = XCBuildConfiguration;
			buildSettings = {
				ALWAYS_SEARCH_USER_PATHS = NO;
				CLANG_ANALYZER_NONNULL = YES;
				CLANG_ANALYZER_NUMBER_OBJECT_CONVERSION = YES_AGGRESSIVE;
				CLANG_CXX_LANGUAGE_STANDARD = "gnu++14";
				CLANG_CXX_LIBRARY = "libc++";
				CLANG_ENABLE_MODULES = YES;
				CLANG_ENABLE_OBJC_ARC = YES;
				CLANG_ENABLE_OBJC_WEAK = YES;
				CLANG_WARN_BLOCK_CAPTURE_AUTORELEASING = YES;
				CLANG_WARN_BOOL_CONVERSION = YES;
				CLANG_WARN_COMMA = YES;
				CLANG_WARN_CONSTANT_CONVERSION = YES;
				CLANG_WARN_DEPRECATED_OBJC_IMPLEMENTATIONS = YES;
				CLANG_WARN_DIRECT_OBJC_ISA_USAGE = YES_ERROR;
				CLANG_WARN_DOCUMENTATION_COMMENTS = YES;
				CLANG_WARN_EMPTY_BODY = YES;
				CLANG_WARN_ENUM_CONVERSION = YES;
				CLANG_WARN_INFINITE_RECURSION = YES;
				CLANG_WARN_INT_CONVERSION = YES;
				CLANG_WARN_NON_LITERAL_NULL_CONVERSION = YES;
				CLANG_WARN_OBJC_IMPLICIT_RETAIN_SELF = YES;
				CLANG_WARN_OBJC_LITERAL_CONVERSION = YES;
				CLANG_WARN_OBJC_ROOT_CLASS = YES_ERROR;
				CLANG_WARN_RANGE_LOOP_ANALYSIS = YES;
				CLANG_WARN_STRICT_PROTOTYPES = YES;
				CLANG_WARN_SUSPICIOUS_MOVE = YES;
				CLANG_WARN_UNGUARDED_AVAILABILITY = YES_AGGRESSIVE;
				CLANG_WARN_UNREACHABLE_CODE = YES;
				CLANG_WARN__DUPLICATE_METHOD_MATCH = YES;
				CODE_SIGN_IDENTITY = "iPhone Developer";
				COPY_PHASE_STRIP = NO;
				DEBUG_INFORMATION_FORMAT = dwarf;
				ENABLE_STRICT_OBJC_MSGSEND = YES;
				ENABLE_TESTABILITY = YES;
				GCC_C_LANGUAGE_STANDARD = gnu11;
				GCC_DYNAMIC_NO_PIC = NO;
				GCC_NO_COMMON_BLOCKS = YES;
				GCC_OPTIMIZATION_LEVEL = 0;
				GCC_PREPROCESSOR_DEFINITIONS = (
					"DEBUG=1",
					"$(inherited)",
				);
				GCC_WARN_64_TO_32_BIT_CONVERSION = YES;
				GCC_WARN_ABOUT_RETURN_TYPE = YES_ERROR;
				GCC_WARN_UNDECLARED_SELECTOR = YES;
				GCC_WARN_UNINITIALIZED_AUTOS = YES_AGGRESSIVE;
				GCC_WARN_UNUSED_FUNCTION = YES;
				GCC_WARN_UNUSED_VARIABLE = YES;
				IPHONEOS_DEPLOYMENT_TARGET = 12.0;
				MTL_ENABLE_DEBUG_INFO = INCLUDE_SOURCE;
				MTL_FAST_MATH = YES;
				ONLY_ACTIVE_ARCH = YES;
				SDKROOT = iphoneos;
				SWIFT_ACTIVE_COMPILATION_CONDITIONS = DEBUG;
				SWIFT_OPTIMIZATION_LEVEL = "-Onone";
			};
			name = Debug;
		};
		845928C121D09CE0001DF6CC /* Release */ = {
			isa = XCBuildConfiguration;
			buildSettings = {
				ALWAYS_SEARCH_USER_PATHS = NO;
				CLANG_ANALYZER_NONNULL = YES;
				CLANG_ANALYZER_NUMBER_OBJECT_CONVERSION = YES_AGGRESSIVE;
				CLANG_CXX_LANGUAGE_STANDARD = "gnu++14";
				CLANG_CXX_LIBRARY = "libc++";
				CLANG_ENABLE_MODULES = YES;
				CLANG_ENABLE_OBJC_ARC = YES;
				CLANG_ENABLE_OBJC_WEAK = YES;
				CLANG_WARN_BLOCK_CAPTURE_AUTORELEASING = YES;
				CLANG_WARN_BOOL_CONVERSION = YES;
				CLANG_WARN_COMMA = YES;
				CLANG_WARN_CONSTANT_CONVERSION = YES;
				CLANG_WARN_DEPRECATED_OBJC_IMPLEMENTATIONS = YES;
				CLANG_WARN_DIRECT_OBJC_ISA_USAGE = YES_ERROR;
				CLANG_WARN_DOCUMENTATION_COMMENTS = YES;
				CLANG_WARN_EMPTY_BODY = YES;
				CLANG_WARN_ENUM_CONVERSION = YES;
				CLANG_WARN_INFINITE_RECURSION = YES;
				CLANG_WARN_INT_CONVERSION = YES;
				CLANG_WARN_NON_LITERAL_NULL_CONVERSION = YES;
				CLANG_WARN_OBJC_IMPLICIT_RETAIN_SELF = YES;
				CLANG_WARN_OBJC_LITERAL_CONVERSION = YES;
				CLANG_WARN_OBJC_ROOT_CLASS = YES_ERROR;
				CLANG_WARN_RANGE_LOOP_ANALYSIS = YES;
				CLANG_WARN_STRICT_PROTOTYPES = YES;
				CLANG_WARN_SUSPICIOUS_MOVE = YES;
				CLANG_WARN_UNGUARDED_AVAILABILITY = YES_AGGRESSIVE;
				CLANG_WARN_UNREACHABLE_CODE = YES;
				CLANG_WARN__DUPLICATE_METHOD_MATCH = YES;
				CODE_SIGN_IDENTITY = "iPhone Developer";
				COPY_PHASE_STRIP = NO;
				DEBUG_INFORMATION_FORMAT = "dwarf-with-dsym";
				ENABLE_NS_ASSERTIONS = NO;
				ENABLE_STRICT_OBJC_MSGSEND = YES;
				GCC_C_LANGUAGE_STANDARD = gnu11;
				GCC_NO_COMMON_BLOCKS = YES;
				GCC_WARN_64_TO_32_BIT_CONVERSION = YES;
				GCC_WARN_ABOUT_RETURN_TYPE = YES_ERROR;
				GCC_WARN_UNDECLARED_SELECTOR = YES;
				GCC_WARN_UNINITIALIZED_AUTOS = YES_AGGRESSIVE;
				GCC_WARN_UNUSED_FUNCTION = YES;
				GCC_WARN_UNUSED_VARIABLE = YES;
				IPHONEOS_DEPLOYMENT_TARGET = 12.0;
				MTL_ENABLE_DEBUG_INFO = NO;
				MTL_FAST_MATH = YES;
				SDKROOT = iphoneos;
				SWIFT_COMPILATION_MODE = wholemodule;
				SWIFT_OPTIMIZATION_LEVEL = "-O";
				VALIDATE_PRODUCT = YES;
			};
			name = Release;
		};
		845928C321D09CE0001DF6CC /* Debug */ = {
			isa = XCBuildConfiguration;
			baseConfigurationReference = 73A19F3163047709495EC6A0 /* Pods-SsgSag.debug.xcconfig */;
			buildSettings = {
				ASSETCATALOG_COMPILER_APPICON_NAME = AppIcon;
				CODE_SIGN_STYLE = Automatic;
				DEVELOPMENT_TEAM = 43FKD7C656;
				FRAMEWORK_SEARCH_PATHS = (
					"$(inherited)",
					"$(PROJECT_DIR)",
				);
				INFOPLIST_FILE = SsgSag/Info.plist;
				IPHONEOS_DEPLOYMENT_TARGET = 11.4.1;
				LD_RUNPATH_SEARCH_PATHS = (
					"$(inherited)",
					"@executable_path/Frameworks",
				);
				OTHER_LDFLAGS = (
					"$(inherited)",
					"-framework",
					"\"Accelerate\"",
					"-framework",
					"\"Alamofire\"",
					"-framework",
					"\"AlamofireObjectMapper\"",
					"-framework",
					"\"CFNetwork\"",
					"-framework",
					"\"Kingfisher\"",
					"-framework",
					"\"Lottie\"",
					"-framework",
					"\"ObjectMapper\"",
					"-framework",
					"\"UIKit\"",
					"-all_load",
				);
				PRODUCT_BUNDLE_IDENTIFIER = com.MinjiCho.SsgSag;
				PRODUCT_NAME = "$(TARGET_NAME)";
				SWIFT_OBJC_BRIDGING_HEADER = SsgSag/Kakao_Header.h;
				SWIFT_VERSION = 4.2;
				TARGETED_DEVICE_FAMILY = "1,2";
			};
			name = Debug;
		};
		845928C421D09CE0001DF6CC /* Release */ = {
			isa = XCBuildConfiguration;
			baseConfigurationReference = EFE805AFFC7CBE0D5709EB25 /* Pods-SsgSag.release.xcconfig */;
			buildSettings = {
				ASSETCATALOG_COMPILER_APPICON_NAME = AppIcon;
				CODE_SIGN_STYLE = Automatic;
				DEVELOPMENT_TEAM = 43FKD7C656;
				FRAMEWORK_SEARCH_PATHS = (
					"$(inherited)",
					"$(PROJECT_DIR)",
				);
				INFOPLIST_FILE = SsgSag/Info.plist;
				IPHONEOS_DEPLOYMENT_TARGET = 11.4.1;
				LD_RUNPATH_SEARCH_PATHS = (
					"$(inherited)",
					"@executable_path/Frameworks",
				);
				OTHER_LDFLAGS = (
					"$(inherited)",
					"-framework",
					"\"Accelerate\"",
					"-framework",
					"\"Alamofire\"",
					"-framework",
					"\"AlamofireObjectMapper\"",
					"-framework",
					"\"CFNetwork\"",
					"-framework",
					"\"Kingfisher\"",
					"-framework",
					"\"Lottie\"",
					"-framework",
					"\"ObjectMapper\"",
					"-framework",
					"\"UIKit\"",
					"-all_load",
				);
				PRODUCT_BUNDLE_IDENTIFIER = com.MinjiCho.SsgSag;
				PRODUCT_NAME = "$(TARGET_NAME)";
				SWIFT_OBJC_BRIDGING_HEADER = SsgSag/Kakao_Header.h;
				SWIFT_VERSION = 4.2;
				TARGETED_DEVICE_FAMILY = "1,2";
			};
			name = Release;
		};
		845928C621D09CE0001DF6CC /* Debug */ = {
			isa = XCBuildConfiguration;
			baseConfigurationReference = 8134CA727EE6CCE0A7714139 /* Pods-SsgSagTests.debug.xcconfig */;
			buildSettings = {
				ALWAYS_EMBED_SWIFT_STANDARD_LIBRARIES = YES;
				BUNDLE_LOADER = "$(TEST_HOST)";
				CODE_SIGN_STYLE = Automatic;
				INFOPLIST_FILE = SsgSagTests/Info.plist;
				LD_RUNPATH_SEARCH_PATHS = (
					"$(inherited)",
					"@executable_path/Frameworks",
					"@loader_path/Frameworks",
				);
				PRODUCT_BUNDLE_IDENTIFIER = com.wndzlf.SsgSagTests;
				PRODUCT_NAME = "$(TARGET_NAME)";
				SWIFT_VERSION = 4.2;
				TARGETED_DEVICE_FAMILY = "1,2";
				TEST_HOST = "$(BUILT_PRODUCTS_DIR)/SsgSag.app/SsgSag";
			};
			name = Debug;
		};
		845928C721D09CE0001DF6CC /* Release */ = {
			isa = XCBuildConfiguration;
			baseConfigurationReference = E3FA6FB5C50BC45E91E8FCDB /* Pods-SsgSagTests.release.xcconfig */;
			buildSettings = {
				ALWAYS_EMBED_SWIFT_STANDARD_LIBRARIES = YES;
				BUNDLE_LOADER = "$(TEST_HOST)";
				CODE_SIGN_STYLE = Automatic;
				INFOPLIST_FILE = SsgSagTests/Info.plist;
				LD_RUNPATH_SEARCH_PATHS = (
					"$(inherited)",
					"@executable_path/Frameworks",
					"@loader_path/Frameworks",
				);
				PRODUCT_BUNDLE_IDENTIFIER = com.wndzlf.SsgSagTests;
				PRODUCT_NAME = "$(TARGET_NAME)";
				SWIFT_VERSION = 4.2;
				TARGETED_DEVICE_FAMILY = "1,2";
				TEST_HOST = "$(BUILT_PRODUCTS_DIR)/SsgSag.app/SsgSag";
			};
			name = Release;
		};
		845928C921D09CE0001DF6CC /* Debug */ = {
			isa = XCBuildConfiguration;
			baseConfigurationReference = C5B6055F3FD0B21078B0C86D /* Pods-SsgSagUITests.debug.xcconfig */;
			buildSettings = {
				ALWAYS_EMBED_SWIFT_STANDARD_LIBRARIES = YES;
				CODE_SIGN_STYLE = Automatic;
				INFOPLIST_FILE = SsgSagUITests/Info.plist;
				LD_RUNPATH_SEARCH_PATHS = (
					"$(inherited)",
					"@executable_path/Frameworks",
					"@loader_path/Frameworks",
				);
				PRODUCT_BUNDLE_IDENTIFIER = com.wndzlf.SsgSagUITests;
				PRODUCT_NAME = "$(TARGET_NAME)";
				SWIFT_VERSION = 4.2;
				TARGETED_DEVICE_FAMILY = "1,2";
				TEST_TARGET_NAME = SsgSag;
			};
			name = Debug;
		};
		845928CA21D09CE0001DF6CC /* Release */ = {
			isa = XCBuildConfiguration;
			baseConfigurationReference = 0E614E8987BBA6DBFDC0E038 /* Pods-SsgSagUITests.release.xcconfig */;
			buildSettings = {
				ALWAYS_EMBED_SWIFT_STANDARD_LIBRARIES = YES;
				CODE_SIGN_STYLE = Automatic;
				INFOPLIST_FILE = SsgSagUITests/Info.plist;
				LD_RUNPATH_SEARCH_PATHS = (
					"$(inherited)",
					"@executable_path/Frameworks",
					"@loader_path/Frameworks",
				);
				PRODUCT_BUNDLE_IDENTIFIER = com.wndzlf.SsgSagUITests;
				PRODUCT_NAME = "$(TARGET_NAME)";
				SWIFT_VERSION = 4.2;
				TARGETED_DEVICE_FAMILY = "1,2";
				TEST_TARGET_NAME = SsgSag;
			};
			name = Release;
		};
/* End XCBuildConfiguration section */

/* Begin XCConfigurationList section */
		8459289221D09CDD001DF6CC /* Build configuration list for PBXProject "SsgSag" */ = {
			isa = XCConfigurationList;
			buildConfigurations = (
				845928C021D09CE0001DF6CC /* Debug */,
				845928C121D09CE0001DF6CC /* Release */,
			);
			defaultConfigurationIsVisible = 0;
			defaultConfigurationName = Release;
		};
		845928C221D09CE0001DF6CC /* Build configuration list for PBXNativeTarget "SsgSag" */ = {
			isa = XCConfigurationList;
			buildConfigurations = (
				845928C321D09CE0001DF6CC /* Debug */,
				845928C421D09CE0001DF6CC /* Release */,
			);
			defaultConfigurationIsVisible = 0;
			defaultConfigurationName = Release;
		};
		845928C521D09CE0001DF6CC /* Build configuration list for PBXNativeTarget "SsgSagTests" */ = {
			isa = XCConfigurationList;
			buildConfigurations = (
				845928C621D09CE0001DF6CC /* Debug */,
				845928C721D09CE0001DF6CC /* Release */,
			);
			defaultConfigurationIsVisible = 0;
			defaultConfigurationName = Release;
		};
		845928C821D09CE0001DF6CC /* Build configuration list for PBXNativeTarget "SsgSagUITests" */ = {
			isa = XCConfigurationList;
			buildConfigurations = (
				845928C921D09CE0001DF6CC /* Debug */,
				845928CA21D09CE0001DF6CC /* Release */,
			);
			defaultConfigurationIsVisible = 0;
			defaultConfigurationName = Release;
		};
/* End XCConfigurationList section */

/* Begin XCVersionGroup section */
		845928A121D09CDD001DF6CC /* SsgSag.xcdatamodeld */ = {
			isa = XCVersionGroup;
			children = (
				845928A221D09CDD001DF6CC /* SsgSag.xcdatamodel */,
			);
			currentVersion = 845928A221D09CDD001DF6CC /* SsgSag.xcdatamodel */;
			path = SsgSag.xcdatamodeld;
			sourceTree = "<group>";
			versionGroupType = wrapper.xcdatamodel;
		};
/* End XCVersionGroup section */
	};
	rootObject = 8459288F21D09CDD001DF6CC /* Project object */;
}
